<?xml version="1.0" encoding="utf-8"?>
<Project ToolsVersion="4.0" xmlns="http://schemas.microsoft.com/developer/msbuild/2003">
  <ItemGroup>
    <Filter Include="Source Files">
      <UniqueIdentifier>{B1F27843-FECA-1BAD-24A6-EF9F7EFA7377}</UniqueIdentifier>
      <Extensions>cpp;cxx;cc;c;C</Extensions>
    </Filter>
    <Filter Include="Header Files">
      <UniqueIdentifier>{06319535-FECA-1BAD-24A6-EF9F7EFA7377}</UniqueIdentifier>
      <Extensions>h;hpp;hxx;hh</Extensions>
    </Filter>
    <Filter Include="Build Files">
      <UniqueIdentifier>{A1909F1C-FECA-1BAD-24A6-EF9F7EFA7377}</UniqueIdentifier>
      <Extensions>mpc;mpb;mwc</Extensions>
    </Filter>
    <Filter Include="Idl Files">
      <UniqueIdentifier>{2990FA4C-FECA-1BAD-24A6-EF9F7EFA7377}</UniqueIdentifier>
      <Extensions>idl</Extensions>
    </Filter>
    <Filter Include="Inline Files">
      <UniqueIdentifier>{763028EF-FECA-1BAD-24A6-EF9F7EFA7377}</UniqueIdentifier>
      <Extensions>i;ipp;inl</Extensions>
    </Filter>
  </ItemGroup>
  <ItemGroup>
    <ClCompile Include="DataReaderRemoteC.cpp">
      <Filter>Source Files</Filter>
    </ClCompile>
    <ClCompile Include="DataReaderRemoteImpl.cpp">
      <Filter>Source Files</Filter>
    </ClCompile>
    <ClCompile Include="DataReaderRemoteS.cpp">
      <Filter>Source Files</Filter>
    </ClCompile>
    <ClCompile Include="DataWriterRemoteC.cpp">
      <Filter>Source Files</Filter>
    </ClCompile>
    <ClCompile Include="DataWriterRemoteImpl.cpp">
      <Filter>Source Files</Filter>
    </ClCompile>
    <ClCompile Include="DataWriterRemoteS.cpp">
      <Filter>Source Files</Filter>
    </ClCompile>
    <ClCompile Include="FailoverListener.cpp">
      <Filter>Source Files</Filter>
    </ClCompile>
    <ClCompile Include="InfoC.cpp">
      <Filter>Source Files</Filter>
    </ClCompile>
    <ClCompile Include="InfoRepoDiscovery.cpp">
      <Filter>Source Files</Filter>
    </ClCompile>
    <ClCompile Include="InfoS.cpp">
      <Filter>Source Files</Filter>
    </ClCompile>
  </ItemGroup>
  <ItemGroup>
    <ClInclude Include="DataReaderRemoteC.h">
      <Filter>Header Files</Filter>
    </ClInclude>
    <ClInclude Include="DataReaderRemoteImpl.h">
      <Filter>Header Files</Filter>
    </ClInclude>
    <ClInclude Include="DataReaderRemoteS.h">
      <Filter>Header Files</Filter>
    </ClInclude>
    <ClInclude Include="DataWriterRemoteC.h">
      <Filter>Header Files</Filter>
    </ClInclude>
    <ClInclude Include="DataWriterRemoteImpl.h">
      <Filter>Header Files</Filter>
    </ClInclude>
    <ClInclude Include="DataWriterRemoteS.h">
      <Filter>Header Files</Filter>
    </ClInclude>
    <ClInclude Include="FailoverListener.h">
      <Filter>Header Files</Filter>
    </ClInclude>
    <ClInclude Include="InfoC.h">
      <Filter>Header Files</Filter>
    </ClInclude>
    <ClInclude Include="InfoRepoDiscovery.h">
      <Filter>Header Files</Filter>
    </ClInclude>
    <ClInclude Include="InfoRepoDiscovery_Export.h">
      <Filter>Header Files</Filter>
    </ClInclude>
    <ClInclude Include="InfoS.h">
      <Filter>Header Files</Filter>
    </ClInclude>
  </ItemGroup>
  <ItemGroup>
    <None Include="InfoRepoDiscovery.mpc">
      <Filter>Build Files</Filter>
    </None>
  </ItemGroup>
  <ItemGroup>
    <CustomBuild Include="DataReaderRemote.idl">
      <Filter>Idl Files</Filter>
    </CustomBuild>
    <CustomBuild Include="DataWriterRemote.idl">
      <Filter>Idl Files</Filter>
    </CustomBuild>
    <CustomBuild Include="Info.idl">
      <Filter>Idl Files</Filter>
    </CustomBuild>
  </ItemGroup>
  <ItemGroup>
    <None Include="DataReaderRemoteC.inl">
      <Filter>Inline Files</Filter>
    </None>
    <None Include="DataReaderRemoteS.inl">
      <Filter>Inline Files</Filter>
    </None>
    <None Include="DataWriterRemoteC.inl">
      <Filter>Inline Files</Filter>
    </None>
    <None Include="DataWriterRemoteS.inl">
      <Filter>Inline Files</Filter>
    </None>
    <None Include="InfoC.inl">
      <Filter>Inline Files</Filter>
    </None>
    <None Include="InfoS.inl">
      <Filter>Inline Files</Filter>
    </None>
  </ItemGroup>
</Project>
