Microsoft Visual Studio Solution File, Format Version 8.00
#
# $Id: VC71WorkspaceCreator.pm 2035 2011-10-06 15:05:21Z johnnyw $
#
# This file was generated by MPC.  Any changes made directly to
# this file will be lost the next time it is generated.
#
# MPC Command:
# /tao_builds/schmitzj/tao-1_6_7/ACE_wrappers//bin/mwc.pl -type vc71 -hierarchy DDS.mwc
Project("{8BC9CEB8-8B4A-11D0-8D11-00A0C91BC942}") = "OpenDDS_Multicast", "OpenDDS_Multicast.vcproj", "{4C8C8091-FECA-1BAD-40B4-D2ECA910A082}"
	ProjectSection(ProjectDependencies) = postProject
	EndProjectSection
EndProject
Global
	GlobalSection(SolutionConfiguration) = preSolution
		Debug = Debug
		Release = Release
	EndGlobalSection
	GlobalSection(ProjectConfiguration) = postSolution
		{4C8C8091-FECA-1BAD-40B4-D2ECA910A082}.Debug.ActiveCfg = Debug|Win32
		{4C8C8091-FECA-1BAD-40B4-D2ECA910A082}.Debug.Build.0 = Debug|Win32
		{4C8C8091-FECA-1BAD-40B4-D2ECA910A082}.Release.ActiveCfg = Release|Win32
		{4C8C8091-FECA-1BAD-40B4-D2ECA910A082}.Release.Build.0 = Release|Win32
	EndGlobalSection
	GlobalSection(ExtensibilityGlobals) = postSolution
	EndGlobalSection
	GlobalSection(ExtensibilityAddIns) = postSolution
	EndGlobalSection
EndGlobal
