<?xml version="1.0" encoding="utf-8"?>
<Project ToolsVersion="4.0" xmlns="http://schemas.microsoft.com/developer/msbuild/2003">
  <ItemGroup>
    <Filter Include="Source Files">
      <UniqueIdentifier>{B1F27843-FECA-1BAD-EB51-2A753FF6DFA2}</UniqueIdentifier>
      <Extensions>cpp;cxx;cc;c;C</Extensions>
    </Filter>
    <Filter Include="Header Files">
      <UniqueIdentifier>{06319535-FECA-1BAD-EB51-2A753FF6DFA2}</UniqueIdentifier>
      <Extensions>h;hpp;hxx;hh</Extensions>
    </Filter>
    <Filter Include="Build Files">
      <UniqueIdentifier>{A1909F1C-FECA-1BAD-EB51-2A753FF6DFA2}</UniqueIdentifier>
      <Extensions>mpc;mpb;mwc</Extensions>
    </Filter>
    <Filter Include="Inline Files">
      <UniqueIdentifier>{763028EF-FECA-1BAD-EB51-2A753FF6DFA2}</UniqueIdentifier>
      <Extensions>i;ipp;inl</Extensions>
    </Filter>
    <Filter Include="Resource Files">
      <UniqueIdentifier>{502A2050-FECA-1BAD-EB51-2A753FF6DFA2}</UniqueIdentifier>
      <Extensions>rc;ico;cur;bmp;dlg;rc2;rct;bin;cnt;rtf;gif;jpg;jpeg;jpe</Extensions>
    </Filter>
  </ItemGroup>
  <ItemGroup>
    <ClCompile Include="Udp.cpp">
      <Filter>Source Files</Filter>
    </ClCompile>
    <ClCompile Include="UdpDataLink.cpp">
      <Filter>Source Files</Filter>
    </ClCompile>
    <ClCompile Include="UdpInst.cpp">
      <Filter>Source Files</Filter>
    </ClCompile>
    <ClCompile Include="UdpLoader.cpp">
      <Filter>Source Files</Filter>
    </ClCompile>
    <ClCompile Include="UdpReceiveStrategy.cpp">
      <Filter>Source Files</Filter>
    </ClCompile>
    <ClCompile Include="UdpSendStrategy.cpp">
      <Filter>Source Files</Filter>
    </ClCompile>
    <ClCompile Include="UdpTransport.cpp">
      <Filter>Source Files</Filter>
    </ClCompile>
  </ItemGroup>
  <ItemGroup>
    <ClInclude Include="Udp.h">
      <Filter>Header Files</Filter>
    </ClInclude>
    <ClInclude Include="Udp_Export.h">
      <Filter>Header Files</Filter>
    </ClInclude>
    <ClInclude Include="UdpDataLink.h">
      <Filter>Header Files</Filter>
    </ClInclude>
    <ClInclude Include="UdpDataLink_rch.h">
      <Filter>Header Files</Filter>
    </ClInclude>
    <ClInclude Include="UdpInst.h">
      <Filter>Header Files</Filter>
    </ClInclude>
    <ClInclude Include="UdpInst_rch.h">
      <Filter>Header Files</Filter>
    </ClInclude>
    <ClInclude Include="UdpLoader.h">
      <Filter>Header Files</Filter>
    </ClInclude>
    <ClInclude Include="UdpReceiveStrategy.h">
      <Filter>Header Files</Filter>
    </ClInclude>
    <ClInclude Include="UdpReceiveStrategy_rch.h">
      <Filter>Header Files</Filter>
    </ClInclude>
    <ClInclude Include="UdpSendStrategy.h">
      <Filter>Header Files</Filter>
    </ClInclude>
    <ClInclude Include="UdpSendStrategy_rch.h">
      <Filter>Header Files</Filter>
    </ClInclude>
    <ClInclude Include="UdpTransport.h">
      <Filter>Header Files</Filter>
    </ClInclude>
  </ItemGroup>
  <ItemGroup>
    <None Include="OpenDDS_Udp.mpc">
      <Filter>Build Files</Filter>
    </None>
  </ItemGroup>
  <ItemGroup>
    <None Include="UdpDataLink.inl">
      <Filter>Inline Files</Filter>
    </None>
  </ItemGroup>
  <ItemGroup>
    <ResourceCompile Include="udp.rc">
      <Filter>Resource Files</Filter>
    </ResourceCompile>
  </ItemGroup>
</Project>
