<?xml version="1.0" encoding="utf-8"?>
<Project ToolsVersion="4.0" xmlns="http://schemas.microsoft.com/developer/msbuild/2003">
  <ItemGroup>
    <Filter Include="Source Files">
      <UniqueIdentifier>{B1F27843-FECA-1BAD-E280-E1FB9B9880B3}</UniqueIdentifier>
      <Extensions>cpp;cxx;cc;c;C</Extensions>
    </Filter>
    <Filter Include="Header Files">
      <UniqueIdentifier>{06319535-FECA-1BAD-E280-E1FB9B9880B3}</UniqueIdentifier>
      <Extensions>h;hpp;hxx;hh</Extensions>
    </Filter>
    <Filter Include="Build Files">
      <UniqueIdentifier>{A1909F1C-FECA-1BAD-E280-E1FB9B9880B3}</UniqueIdentifier>
      <Extensions>mpc;mpb;mwc</Extensions>
    </Filter>
    <Filter Include="Idl Files">
      <UniqueIdentifier>{2990FA4C-FECA-1BAD-E280-E1FB9B9880B3}</UniqueIdentifier>
      <Extensions>idl</Extensions>
    </Filter>
    <Filter Include="Idl And Typesupport Files">
      <UniqueIdentifier>{9E235CA7-FECA-1BAD-E280-E1FB9B9880B3}</UniqueIdentifier>
      <Extensions>idl</Extensions>
    </Filter>
    <Filter Include="Inline Files">
      <UniqueIdentifier>{763028EF-FECA-1BAD-E280-E1FB9B9880B3}</UniqueIdentifier>
      <Extensions>i;ipp;inl</Extensions>
    </Filter>
    <Filter Include="Documentation">
      <UniqueIdentifier>{B14BBA74-FECA-1BAD-E280-E1FB9B9880B3}</UniqueIdentifier>
    </Filter>
    <Filter Include="Resource Files">
      <UniqueIdentifier>{502A2050-FECA-1BAD-E280-E1FB9B9880B3}</UniqueIdentifier>
      <Extensions>rc;ico;cur;bmp;dlg;rc2;rct;bin;cnt;rtf;gif;jpg;jpeg;jpe</Extensions>
    </Filter>
  </ItemGroup>
  <ItemGroup>
    <ClCompile Include="DPMonitorImpl.cpp">
      <Filter>Source Files</Filter>
    </ClCompile>
    <ClCompile Include="DRMonitorImpl.cpp">
      <Filter>Source Files</Filter>
    </ClCompile>
    <ClCompile Include="DRPeriodicMonitorImpl.cpp">
      <Filter>Source Files</Filter>
    </ClCompile>
    <ClCompile Include="DWMonitorImpl.cpp">
      <Filter>Source Files</Filter>
    </ClCompile>
    <ClCompile Include="DWPeriodicMonitorImpl.cpp">
      <Filter>Source Files</Filter>
    </ClCompile>
    <ClCompile Include="monitorC.cpp">
      <Filter>Source Files</Filter>
    </ClCompile>
    <ClCompile Include="MonitorFactoryImpl.cpp">
      <Filter>Source Files</Filter>
    </ClCompile>
    <ClCompile Include="monitorS.cpp">
      <Filter>Source Files</Filter>
    </ClCompile>
    <ClCompile Include="monitorTypeSupportC.cpp">
      <Filter>Source Files</Filter>
    </ClCompile>
    <ClCompile Include="monitorTypeSupportImpl.cpp">
      <Filter>Source Files</Filter>
    </ClCompile>
    <ClCompile Include="monitorTypeSupportS.cpp">
      <Filter>Source Files</Filter>
    </ClCompile>
    <ClCompile Include="PublisherMonitorImpl.cpp">
      <Filter>Source Files</Filter>
    </ClCompile>
    <ClCompile Include="SPMonitorImpl.cpp">
      <Filter>Source Files</Filter>
    </ClCompile>
    <ClCompile Include="SubscriberMonitorImpl.cpp">
      <Filter>Source Files</Filter>
    </ClCompile>
    <ClCompile Include="TopicMonitorImpl.cpp">
      <Filter>Source Files</Filter>
    </ClCompile>
    <ClCompile Include="TransportMonitorImpl.cpp">
      <Filter>Source Files</Filter>
    </ClCompile>
  </ItemGroup>
  <ItemGroup>
    <ClInclude Include="DPMonitorImpl.h">
      <Filter>Header Files</Filter>
    </ClInclude>
    <ClInclude Include="DRMonitorImpl.h">
      <Filter>Header Files</Filter>
    </ClInclude>
    <ClInclude Include="DRPeriodicMonitorImpl.h">
      <Filter>Header Files</Filter>
    </ClInclude>
    <ClInclude Include="DWMonitorImpl.h">
      <Filter>Header Files</Filter>
    </ClInclude>
    <ClInclude Include="DWPeriodicMonitorImpl.h">
      <Filter>Header Files</Filter>
    </ClInclude>
    <ClInclude Include="monitor_export.h">
      <Filter>Header Files</Filter>
    </ClInclude>
    <ClInclude Include="monitorC.h">
      <Filter>Header Files</Filter>
    </ClInclude>
    <ClInclude Include="MonitorFactoryImpl.h">
      <Filter>Header Files</Filter>
    </ClInclude>
    <ClInclude Include="monitorS.h">
      <Filter>Header Files</Filter>
    </ClInclude>
    <ClInclude Include="monitorTypeSupportC.h">
      <Filter>Header Files</Filter>
    </ClInclude>
    <ClInclude Include="monitorTypeSupportImpl.h">
      <Filter>Header Files</Filter>
    </ClInclude>
    <ClInclude Include="monitorTypeSupportS.h">
      <Filter>Header Files</Filter>
    </ClInclude>
    <ClInclude Include="PublisherMonitorImpl.h">
      <Filter>Header Files</Filter>
    </ClInclude>
    <ClInclude Include="SPMonitorImpl.h">
      <Filter>Header Files</Filter>
    </ClInclude>
    <ClInclude Include="SubscriberMonitorImpl.h">
      <Filter>Header Files</Filter>
    </ClInclude>
    <ClInclude Include="TopicMonitorImpl.h">
      <Filter>Header Files</Filter>
    </ClInclude>
    <ClInclude Include="TransportMonitorImpl.h">
      <Filter>Header Files</Filter>
    </ClInclude>
  </ItemGroup>
  <ItemGroup>
    <None Include="monitor.mpc">
      <Filter>Build Files</Filter>
    </None>
  </ItemGroup>
  <ItemGroup>
    <CustomBuild Include="monitorTypeSupport.idl">
      <Filter>Idl Files</Filter>
    </CustomBuild>
  </ItemGroup>
  <ItemGroup>
    <CustomBuild Include="monitor.idl">
      <Filter>Idl And Typesupport Files</Filter>
    </CustomBuild>
  </ItemGroup>
  <ItemGroup>
    <None Include="monitorC.inl">
      <Filter>Inline Files</Filter>
    </None>
    <None Include="monitorS.inl">
      <Filter>Inline Files</Filter>
    </None>
    <None Include="monitorTypeSupportC.inl">
      <Filter>Inline Files</Filter>
    </None>
    <None Include="monitorTypeSupportS.inl">
      <Filter>Inline Files</Filter>
    </None>
  </ItemGroup>
  <ItemGroup>
    <CustomBuild Include="README">
      <Filter>Documentation</Filter>
    </CustomBuild>
  </ItemGroup>
  <ItemGroup>
    <ResourceCompile Include="monitor.rc">
      <Filter>Resource Files</Filter>
    </ResourceCompile>
  </ItemGroup>
</Project>
