Microsoft Visual Studio Solution File, Format Version 8.00
#
# $Id: VC71WorkspaceCreator.pm 2035 2011-10-06 15:05:21Z johnnyw $
#
# This file was generated by MPC.  Any changes made directly to
# this file will be lost the next time it is generated.
#
# MPC Command:
# /tao_builds/schmitzj/tao-1_6_7/ACE_wrappers//bin/mwc.pl -type vc71 -hierarchy -static -name_modifier "*_Static" -apply_project DDS.mwc
Project("{8BC9CEB8-8B4A-11D0-8D11-00A0C91BC942}") = "DCPSInfoRepo_Federator_Static", "DCPSInfoRepo_Federator_Static.vcproj", "{D69C32EA-FECA-1BAD-443A-726DF80C6174}"
	ProjectSection(ProjectDependencies) = postProject
	EndProjectSection
EndProject
Project("{8BC9CEB8-8B4A-11D0-8D11-00A0C91BC942}") = "DCPSInfoRepo_Lib_Static", "DCPSInfoRepo_Lib_Static.vcproj", "{E0E46FF7-FECA-1BAD-443A-726DF80C6174}"
	ProjectSection(ProjectDependencies) = postProject
	EndProjectSection
EndProject
Project("{8BC9CEB8-8B4A-11D0-8D11-00A0C91BC942}") = "DCPSInfoRepo_Main_Static", "DCPSInfoRepo_Main_Static.vcproj", "{06E38682-FECA-1BAD-443A-726DF80C6174}"
	ProjectSection(ProjectDependencies) = postProject
		{E0E46FF7-FECA-1BAD-443A-726DF80C6174} = {E0E46FF7-FECA-1BAD-443A-726DF80C6174}
		{D69C32EA-FECA-1BAD-443A-726DF80C6174} = {D69C32EA-FECA-1BAD-443A-726DF80C6174}
		{AEE38767-FECA-1BAD-443A-726DF80C6174} = {AEE38767-FECA-1BAD-443A-726DF80C6174}
	EndProjectSection
EndProject
Project("{8BC9CEB8-8B4A-11D0-8D11-00A0C91BC942}") = "DCPSInfoRepo_Serv_Static", "DCPSInfoRepo_Serv_Static.vcproj", "{AEE38767-FECA-1BAD-443A-726DF80C6174}"
	ProjectSection(ProjectDependencies) = postProject
	EndProjectSection
EndProject
Global
	GlobalSection(SolutionConfiguration) = preSolution
		Debug = Debug
		Release = Release
	EndGlobalSection
	GlobalSection(ProjectConfiguration) = postSolution
		{D69C32EA-FECA-1BAD-443A-726DF80C6174}.Debug.ActiveCfg = Debug|Win32
		{D69C32EA-FECA-1BAD-443A-726DF80C6174}.Debug.Build.0 = Debug|Win32
		{D69C32EA-FECA-1BAD-443A-726DF80C6174}.Release.ActiveCfg = Release|Win32
		{D69C32EA-FECA-1BAD-443A-726DF80C6174}.Release.Build.0 = Release|Win32
		{E0E46FF7-FECA-1BAD-443A-726DF80C6174}.Debug.ActiveCfg = Debug|Win32
		{E0E46FF7-FECA-1BAD-443A-726DF80C6174}.Debug.Build.0 = Debug|Win32
		{E0E46FF7-FECA-1BAD-443A-726DF80C6174}.Release.ActiveCfg = Release|Win32
		{E0E46FF7-FECA-1BAD-443A-726DF80C6174}.Release.Build.0 = Release|Win32
		{06E38682-FECA-1BAD-443A-726DF80C6174}.Debug.ActiveCfg = Debug|Win32
		{06E38682-FECA-1BAD-443A-726DF80C6174}.Debug.Build.0 = Debug|Win32
		{06E38682-FECA-1BAD-443A-726DF80C6174}.Release.ActiveCfg = Release|Win32
		{06E38682-FECA-1BAD-443A-726DF80C6174}.Release.Build.0 = Release|Win32
		{AEE38767-FECA-1BAD-443A-726DF80C6174}.Debug.ActiveCfg = Debug|Win32
		{AEE38767-FECA-1BAD-443A-726DF80C6174}.Debug.Build.0 = Debug|Win32
		{AEE38767-FECA-1BAD-443A-726DF80C6174}.Release.ActiveCfg = Release|Win32
		{AEE38767-FECA-1BAD-443A-726DF80C6174}.Release.Build.0 = Release|Win32
	EndGlobalSection
	GlobalSection(ExtensibilityGlobals) = postSolution
	EndGlobalSection
	GlobalSection(ExtensibilityAddIns) = postSolution
	EndGlobalSection
EndGlobal
