Microsoft Visual Studio Solution File, Format Version 8.00
#
# $Id: VC71WorkspaceCreator.pm 2035 2011-10-06 15:05:21Z johnnyw $
#
# This file was generated by MPC.  Any changes made directly to
# this file will be lost the next time it is generated.
#
# MPC Command:
# /tao_builds/schmitzj/tao-1_6_7/ACE_wrappers//bin/mwc.pl -type vc71 -hierarchy DDS.mwc
Project("{8BC9CEB8-8B4A-11D0-8D11-00A0C91BC942}") = "DCPSInfoRepo_Federator", "DCPSInfoRepo_Federator.vcproj", "{8AC27166-FECA-1BAD-443A-726DF80C6174}"
	ProjectSection(ProjectDependencies) = postProject
		{ED47A0B5-FECA-1BAD-443A-726DF80C6174} = {ED47A0B5-FECA-1BAD-443A-726DF80C6174}
	EndProjectSection
EndProject
Project("{8BC9CEB8-8B4A-11D0-8D11-00A0C91BC942}") = "DCPSInfoRepo_Lib", "DCPSInfoRepo_Lib.vcproj", "{ED47A0B5-FECA-1BAD-443A-726DF80C6174}"
	ProjectSection(ProjectDependencies) = postProject
	EndProjectSection
EndProject
Project("{8BC9CEB8-8B4A-11D0-8D11-00A0C91BC942}") = "DCPSInfoRepo_Main", "DCPSInfoRepo_Main.vcproj", "{8D3937EB-FECA-1BAD-443A-726DF80C6174}"
	ProjectSection(ProjectDependencies) = postProject
		{ED47A0B5-FECA-1BAD-443A-726DF80C6174} = {ED47A0B5-FECA-1BAD-443A-726DF80C6174}
		{8AC27166-FECA-1BAD-443A-726DF80C6174} = {8AC27166-FECA-1BAD-443A-726DF80C6174}
		{0D3929B1-FECA-1BAD-443A-726DF80C6174} = {0D3929B1-FECA-1BAD-443A-726DF80C6174}
	EndProjectSection
EndProject
Project("{8BC9CEB8-8B4A-11D0-8D11-00A0C91BC942}") = "DCPSInfoRepo_Serv", "DCPSInfoRepo_Serv.vcproj", "{0D3929B1-FECA-1BAD-443A-726DF80C6174}"
	ProjectSection(ProjectDependencies) = postProject
		{ED47A0B5-FECA-1BAD-443A-726DF80C6174} = {ED47A0B5-FECA-1BAD-443A-726DF80C6174}
		{8AC27166-FECA-1BAD-443A-726DF80C6174} = {8AC27166-FECA-1BAD-443A-726DF80C6174}
	EndProjectSection
EndProject
Global
	GlobalSection(SolutionConfiguration) = preSolution
		Debug = Debug
		Release = Release
	EndGlobalSection
	GlobalSection(ProjectConfiguration) = postSolution
		{8AC27166-FECA-1BAD-443A-726DF80C6174}.Debug.ActiveCfg = Debug|Win32
		{8AC27166-FECA-1BAD-443A-726DF80C6174}.Debug.Build.0 = Debug|Win32
		{8AC27166-FECA-1BAD-443A-726DF80C6174}.Release.ActiveCfg = Release|Win32
		{8AC27166-FECA-1BAD-443A-726DF80C6174}.Release.Build.0 = Release|Win32
		{ED47A0B5-FECA-1BAD-443A-726DF80C6174}.Debug.ActiveCfg = Debug|Win32
		{ED47A0B5-FECA-1BAD-443A-726DF80C6174}.Debug.Build.0 = Debug|Win32
		{ED47A0B5-FECA-1BAD-443A-726DF80C6174}.Release.ActiveCfg = Release|Win32
		{ED47A0B5-FECA-1BAD-443A-726DF80C6174}.Release.Build.0 = Release|Win32
		{8D3937EB-FECA-1BAD-443A-726DF80C6174}.Debug.ActiveCfg = Debug|Win32
		{8D3937EB-FECA-1BAD-443A-726DF80C6174}.Debug.Build.0 = Debug|Win32
		{8D3937EB-FECA-1BAD-443A-726DF80C6174}.Release.ActiveCfg = Release|Win32
		{8D3937EB-FECA-1BAD-443A-726DF80C6174}.Release.Build.0 = Release|Win32
		{0D3929B1-FECA-1BAD-443A-726DF80C6174}.Debug.ActiveCfg = Debug|Win32
		{0D3929B1-FECA-1BAD-443A-726DF80C6174}.Debug.Build.0 = Debug|Win32
		{0D3929B1-FECA-1BAD-443A-726DF80C6174}.Release.ActiveCfg = Release|Win32
		{0D3929B1-FECA-1BAD-443A-726DF80C6174}.Release.Build.0 = Release|Win32
	EndGlobalSection
	GlobalSection(ExtensibilityGlobals) = postSolution
	EndGlobalSection
	GlobalSection(ExtensibilityAddIns) = postSolution
	EndGlobalSection
EndGlobal
