
Microsoft Visual Studio Solution File, Format Version 9.00
# Visual Studio 2005
# $Id: VC8WorkspaceCreator.pm 2236 2014-11-20 15:06:08Z elliott_c $
#
# This file was generated by MPC.  Any changes made directly to
# this file will be lost the next time it is generated.
#
# MPC Command:
# /tao_builds/schmitzj/tao-1_6_7/ACE_wrappers//bin/mwc.pl -type vc8 -hierarchy -static -name_modifier "*_Static_vc8" -apply_project DDS.mwc
Project("{8BC9CEB8-8B4A-11D0-8D11-00A0C91BC942}") = "DCPSInfoRepo_Federator_Static_vc8", "DCPSInfoRepo_Federator_Static_vc8.vcproj", "{EF74D302-FECA-1BAD-443A-726DF80C6174}"
	ProjectSection(ProjectDependencies) = postProject
		{B269E57A-FECA-1BAD-443A-726DF80C6174} = {B269E57A-FECA-1BAD-443A-726DF80C6174}
	EndProjectSection
EndProject
Project("{8BC9CEB8-8B4A-11D0-8D11-00A0C91BC942}") = "DCPSInfoRepo_Lib_Static_vc8", "DCPSInfoRepo_Lib_Static_vc8.vcproj", "{B269E57A-FECA-1BAD-443A-726DF80C6174}"
EndProject
Project("{8BC9CEB8-8B4A-11D0-8D11-00A0C91BC942}") = "DCPSInfoRepo_Main_Static_vc8", "DCPSInfoRepo_Main_Static_vc8.vcproj", "{5B1C037D-FECA-1BAD-443A-726DF80C6174}"
	ProjectSection(ProjectDependencies) = postProject
		{B269E57A-FECA-1BAD-443A-726DF80C6174} = {B269E57A-FECA-1BAD-443A-726DF80C6174}
		{EF74D302-FECA-1BAD-443A-726DF80C6174} = {EF74D302-FECA-1BAD-443A-726DF80C6174}
		{5AF9AB7D-FECA-1BAD-443A-726DF80C6174} = {5AF9AB7D-FECA-1BAD-443A-726DF80C6174}
	EndProjectSection
EndProject
Project("{8BC9CEB8-8B4A-11D0-8D11-00A0C91BC942}") = "DCPSInfoRepo_Serv_Static_vc8", "DCPSInfoRepo_Serv_Static_vc8.vcproj", "{5AF9AB7D-FECA-1BAD-443A-726DF80C6174}"
	ProjectSection(ProjectDependencies) = postProject
		{B269E57A-FECA-1BAD-443A-726DF80C6174} = {B269E57A-FECA-1BAD-443A-726DF80C6174}
		{EF74D302-FECA-1BAD-443A-726DF80C6174} = {EF74D302-FECA-1BAD-443A-726DF80C6174}
	EndProjectSection
EndProject
Global
	GlobalSection(SolutionConfigurationPlatforms) = preSolution
		Debug|Win32 = Debug|Win32
		Debug|x64 = Debug|x64
		Release|Win32 = Release|Win32
		Release|x64 = Release|x64
	EndGlobalSection
	GlobalSection(ProjectConfigurationPlatforms) = postSolution
		{EF74D302-FECA-1BAD-443A-726DF80C6174}.Debug|Win32.ActiveCfg = Debug|Win32
		{EF74D302-FECA-1BAD-443A-726DF80C6174}.Debug|Win32.Build.0 = Debug|Win32
		{EF74D302-FECA-1BAD-443A-726DF80C6174}.Debug|x64.ActiveCfg = Debug|x64
		{EF74D302-FECA-1BAD-443A-726DF80C6174}.Debug|x64.Build.0 = Debug|x64
		{EF74D302-FECA-1BAD-443A-726DF80C6174}.Release|Win32.ActiveCfg = Release|Win32
		{EF74D302-FECA-1BAD-443A-726DF80C6174}.Release|Win32.Build.0 = Release|Win32
		{EF74D302-FECA-1BAD-443A-726DF80C6174}.Release|x64.ActiveCfg = Release|x64
		{EF74D302-FECA-1BAD-443A-726DF80C6174}.Release|x64.Build.0 = Release|x64
		{B269E57A-FECA-1BAD-443A-726DF80C6174}.Debug|Win32.ActiveCfg = Debug|Win32
		{B269E57A-FECA-1BAD-443A-726DF80C6174}.Debug|Win32.Build.0 = Debug|Win32
		{B269E57A-FECA-1BAD-443A-726DF80C6174}.Debug|x64.ActiveCfg = Debug|x64
		{B269E57A-FECA-1BAD-443A-726DF80C6174}.Debug|x64.Build.0 = Debug|x64
		{B269E57A-FECA-1BAD-443A-726DF80C6174}.Release|Win32.ActiveCfg = Release|Win32
		{B269E57A-FECA-1BAD-443A-726DF80C6174}.Release|Win32.Build.0 = Release|Win32
		{B269E57A-FECA-1BAD-443A-726DF80C6174}.Release|x64.ActiveCfg = Release|x64
		{B269E57A-FECA-1BAD-443A-726DF80C6174}.Release|x64.Build.0 = Release|x64
		{5B1C037D-FECA-1BAD-443A-726DF80C6174}.Debug|Win32.ActiveCfg = Debug|Win32
		{5B1C037D-FECA-1BAD-443A-726DF80C6174}.Debug|Win32.Build.0 = Debug|Win32
		{5B1C037D-FECA-1BAD-443A-726DF80C6174}.Debug|x64.ActiveCfg = Debug|x64
		{5B1C037D-FECA-1BAD-443A-726DF80C6174}.Debug|x64.Build.0 = Debug|x64
		{5B1C037D-FECA-1BAD-443A-726DF80C6174}.Release|Win32.ActiveCfg = Release|Win32
		{5B1C037D-FECA-1BAD-443A-726DF80C6174}.Release|Win32.Build.0 = Release|Win32
		{5B1C037D-FECA-1BAD-443A-726DF80C6174}.Release|x64.ActiveCfg = Release|x64
		{5B1C037D-FECA-1BAD-443A-726DF80C6174}.Release|x64.Build.0 = Release|x64
		{5AF9AB7D-FECA-1BAD-443A-726DF80C6174}.Debug|Win32.ActiveCfg = Debug|Win32
		{5AF9AB7D-FECA-1BAD-443A-726DF80C6174}.Debug|Win32.Build.0 = Debug|Win32
		{5AF9AB7D-FECA-1BAD-443A-726DF80C6174}.Debug|x64.ActiveCfg = Debug|x64
		{5AF9AB7D-FECA-1BAD-443A-726DF80C6174}.Debug|x64.Build.0 = Debug|x64
		{5AF9AB7D-FECA-1BAD-443A-726DF80C6174}.Release|Win32.ActiveCfg = Release|Win32
		{5AF9AB7D-FECA-1BAD-443A-726DF80C6174}.Release|Win32.Build.0 = Release|Win32
		{5AF9AB7D-FECA-1BAD-443A-726DF80C6174}.Release|x64.ActiveCfg = Release|x64
		{5AF9AB7D-FECA-1BAD-443A-726DF80C6174}.Release|x64.Build.0 = Release|x64
	EndGlobalSection
	GlobalSection(SolutionProperties) = preSolution
		HideSolutionNode = FALSE
	EndGlobalSection
EndGlobal
