<?xml version="1.0" encoding="utf-8"?>
<Project ToolsVersion="4.0" xmlns="http://schemas.microsoft.com/developer/msbuild/2003">
  <ItemGroup>
    <Filter Include="Source Files">
      <UniqueIdentifier>{B1F27843-FECA-1BAD-F74D-085562319F2C}</UniqueIdentifier>
      <Extensions>cpp;cxx;cc;c;C</Extensions>
    </Filter>
    <Filter Include="Header Files">
      <UniqueIdentifier>{06319535-FECA-1BAD-F74D-085562319F2C}</UniqueIdentifier>
      <Extensions>h;hpp;hxx;hh</Extensions>
    </Filter>
    <Filter Include="Build Files">
      <UniqueIdentifier>{A1909F1C-FECA-1BAD-F74D-085562319F2C}</UniqueIdentifier>
      <Extensions>mpc;mpb;mwc</Extensions>
    </Filter>
    <Filter Include="Installdata Files">
      <UniqueIdentifier>{B0B7506A-FECA-1BAD-F74D-085562319F2C}</UniqueIdentifier>
    </Filter>
    <Filter Include="Documentation">
      <UniqueIdentifier>{B14BBA74-FECA-1BAD-F74D-085562319F2C}</UniqueIdentifier>
    </Filter>
  </ItemGroup>
  <ItemGroup>
    <ClCompile Include="be_global.cpp">
      <Filter>Source Files</Filter>
    </ClCompile>
    <ClCompile Include="be_init.cpp">
      <Filter>Source Files</Filter>
    </ClCompile>
    <ClCompile Include="be_produce.cpp">
      <Filter>Source Files</Filter>
    </ClCompile>
    <ClCompile Include="be_util.cpp">
      <Filter>Source Files</Filter>
    </ClCompile>
    <ClCompile Include="dds_generator.cpp">
      <Filter>Source Files</Filter>
    </ClCompile>
    <ClCompile Include="dds_visitor.cpp">
      <Filter>Source Files</Filter>
    </ClCompile>
    <ClCompile Include="drv_args.cpp">
      <Filter>Source Files</Filter>
    </ClCompile>
    <ClCompile Include="drv_preproc.cpp">
      <Filter>Source Files</Filter>
    </ClCompile>
    <ClCompile Include="keys_generator.cpp">
      <Filter>Source Files</Filter>
    </ClCompile>
    <ClCompile Include="marshal_generator.cpp">
      <Filter>Source Files</Filter>
    </ClCompile>
    <ClCompile Include="metaclass_generator.cpp">
      <Filter>Source Files</Filter>
    </ClCompile>
    <ClCompile Include="opendds_idl.cpp">
      <Filter>Source Files</Filter>
    </ClCompile>
    <ClCompile Include="ts_generator.cpp">
      <Filter>Source Files</Filter>
    </ClCompile>
    <ClCompile Include="v8_generator.cpp">
      <Filter>Source Files</Filter>
    </ClCompile>
    <ClCompile Include="wireshark_generator.cpp">
      <Filter>Source Files</Filter>
    </ClCompile>
  </ItemGroup>
  <ItemGroup>
    <ClInclude Include="be_extern.h">
      <Filter>Header Files</Filter>
    </ClInclude>
    <ClInclude Include="be_global.h">
      <Filter>Header Files</Filter>
    </ClInclude>
    <ClInclude Include="be_util.h">
      <Filter>Header Files</Filter>
    </ClInclude>
    <ClInclude Include="dds_generator.h">
      <Filter>Header Files</Filter>
    </ClInclude>
    <ClInclude Include="dds_visitor.h">
      <Filter>Header Files</Filter>
    </ClInclude>
    <ClInclude Include="keys_generator.h">
      <Filter>Header Files</Filter>
    </ClInclude>
    <ClInclude Include="marshal_generator.h">
      <Filter>Header Files</Filter>
    </ClInclude>
    <ClInclude Include="metaclass_generator.h">
      <Filter>Header Files</Filter>
    </ClInclude>
    <ClInclude Include="ts_generator.h">
      <Filter>Header Files</Filter>
    </ClInclude>
    <ClInclude Include="v8_generator.h">
      <Filter>Header Files</Filter>
    </ClInclude>
    <ClInclude Include="wireshark_generator.h">
      <Filter>Header Files</Filter>
    </ClInclude>
  </ItemGroup>
  <ItemGroup>
    <None Include="opendds_idl.mpc">
      <Filter>Build Files</Filter>
    </None>
  </ItemGroup>
  <ItemGroup>
    <None Include="CPPTemplate.txt">
      <Filter>Installdata Files</Filter>
    </None>
    <None Include="HTemplate.txt">
      <Filter>Installdata Files</Filter>
    </None>
    <None Include="IDLTemplate.txt">
      <Filter>Installdata Files</Filter>
    </None>
  </ItemGroup>
  <ItemGroup>
    <CustomBuild Include="CPPTemplate.txt">
      <Filter>Documentation</Filter>
    </CustomBuild>
    <CustomBuild Include="HTemplate.txt">
      <Filter>Documentation</Filter>
    </CustomBuild>
    <CustomBuild Include="IDLTemplate.txt">
      <Filter>Documentation</Filter>
    </CustomBuild>
  </ItemGroup>
</Project>
