Microsoft Visual Studio Solution File, Format Version 8.00
#
# $Id: VC71WorkspaceCreator.pm 2035 2011-10-06 15:05:21Z johnnyw $
#
# This file was generated by MPC.  Any changes made directly to
# this file will be lost the next time it is generated.
#
# MPC Command:
# /tao_builds/schmitzj/tao-1_6_7/ACE_wrappers//bin/mwc.pl -type vc71 -hierarchy DDS.mwc
Project("{8BC9CEB8-8B4A-11D0-8D11-00A0C91BC942}") = "OpenDDS_InfoRepoDiscovery", "DCPS\InfoRepoDiscovery\OpenDDS_InfoRepoDiscovery.vcproj", "{E961B7BB-FECA-1BAD-24A6-EF9F7EFA7377}"
	ProjectSection(ProjectDependencies) = postProject
		{D1271BEE-FECA-1BAD-F74D-085562319F2C} = {D1271BEE-FECA-1BAD-F74D-085562319F2C}
		{B9128EBE-FECA-1BAD-2471-C85400006233} = {B9128EBE-FECA-1BAD-2471-C85400006233}
	EndProjectSection
EndProject
Project("{8BC9CEB8-8B4A-11D0-8D11-00A0C91BC942}") = "OpenDDS_Rtps", "DCPS\RTPS\OpenDDS_Rtps.vcproj", "{B91299CE-FECA-1BAD-5371-8A64657840E3}"
	ProjectSection(ProjectDependencies) = postProject
		{D1271BEE-FECA-1BAD-F74D-085562319F2C} = {D1271BEE-FECA-1BAD-F74D-085562319F2C}
		{B9128EBE-FECA-1BAD-2471-C85400006233} = {B9128EBE-FECA-1BAD-2471-C85400006233}
	EndProjectSection
EndProject
Project("{8BC9CEB8-8B4A-11D0-8D11-00A0C91BC942}") = "OpenDDS_Multicast", "DCPS\transport\multicast\OpenDDS_Multicast.vcproj", "{4C8C8091-FECA-1BAD-40B4-D2ECA910A082}"
	ProjectSection(ProjectDependencies) = postProject
		{D1271BEE-FECA-1BAD-F74D-085562319F2C} = {D1271BEE-FECA-1BAD-F74D-085562319F2C}
		{B9128EBE-FECA-1BAD-2471-C85400006233} = {B9128EBE-FECA-1BAD-2471-C85400006233}
	EndProjectSection
EndProject
Project("{8BC9CEB8-8B4A-11D0-8D11-00A0C91BC942}") = "OpenDDS_Rtps_Udp", "DCPS\transport\rtps_udp\OpenDDS_Rtps_Udp.vcproj", "{C450BEBF-FECA-1BAD-A25C-5F2F9A557C5D}"
	ProjectSection(ProjectDependencies) = postProject
		{D1271BEE-FECA-1BAD-F74D-085562319F2C} = {D1271BEE-FECA-1BAD-F74D-085562319F2C}
		{B9128EBE-FECA-1BAD-2471-C85400006233} = {B9128EBE-FECA-1BAD-2471-C85400006233}
		{B91299CE-FECA-1BAD-5371-8A64657840E3} = {B91299CE-FECA-1BAD-5371-8A64657840E3}
	EndProjectSection
EndProject
Project("{8BC9CEB8-8B4A-11D0-8D11-00A0C91BC942}") = "OpenDDS_Shmem", "DCPS\transport\shmem\OpenDDS_Shmem.vcproj", "{F86AAC13-FECA-1BAD-889F-9C8EF6D97902}"
	ProjectSection(ProjectDependencies) = postProject
		{D1271BEE-FECA-1BAD-F74D-085562319F2C} = {D1271BEE-FECA-1BAD-F74D-085562319F2C}
		{B9128EBE-FECA-1BAD-2471-C85400006233} = {B9128EBE-FECA-1BAD-2471-C85400006233}
	EndProjectSection
EndProject
Project("{8BC9CEB8-8B4A-11D0-8D11-00A0C91BC942}") = "OpenDDS_Tcp", "DCPS\transport\tcp\OpenDDS_Tcp.vcproj", "{13051A38-FECA-1BAD-EA21-2A753FF6DED2}"
	ProjectSection(ProjectDependencies) = postProject
		{D1271BEE-FECA-1BAD-F74D-085562319F2C} = {D1271BEE-FECA-1BAD-F74D-085562319F2C}
		{B9128EBE-FECA-1BAD-2471-C85400006233} = {B9128EBE-FECA-1BAD-2471-C85400006233}
	EndProjectSection
EndProject
Project("{8BC9CEB8-8B4A-11D0-8D11-00A0C91BC942}") = "OpenDDS_Udp", "DCPS\transport\udp\OpenDDS_Udp.vcproj", "{13051A2F-FECA-1BAD-EB51-2A753FF6DFA2}"
	ProjectSection(ProjectDependencies) = postProject
		{D1271BEE-FECA-1BAD-F74D-085562319F2C} = {D1271BEE-FECA-1BAD-F74D-085562319F2C}
		{B9128EBE-FECA-1BAD-2471-C85400006233} = {B9128EBE-FECA-1BAD-2471-C85400006233}
	EndProjectSection
EndProject
Project("{8BC9CEB8-8B4A-11D0-8D11-00A0C91BC942}") = "DCPSInfoRepo_Federator", "InfoRepo\DCPSInfoRepo_Federator.vcproj", "{8AC27166-FECA-1BAD-443A-726DF80C6174}"
	ProjectSection(ProjectDependencies) = postProject
		{D1271BEE-FECA-1BAD-F74D-085562319F2C} = {D1271BEE-FECA-1BAD-F74D-085562319F2C}
		{B9128EBE-FECA-1BAD-2471-C85400006233} = {B9128EBE-FECA-1BAD-2471-C85400006233}
		{E961B7BB-FECA-1BAD-24A6-EF9F7EFA7377} = {E961B7BB-FECA-1BAD-24A6-EF9F7EFA7377}
		{13051A38-FECA-1BAD-EA21-2A753FF6DED2} = {13051A38-FECA-1BAD-EA21-2A753FF6DED2}
		{ED47A0B5-FECA-1BAD-443A-726DF80C6174} = {ED47A0B5-FECA-1BAD-443A-726DF80C6174}
	EndProjectSection
EndProject
Project("{8BC9CEB8-8B4A-11D0-8D11-00A0C91BC942}") = "DCPSInfoRepo_Lib", "InfoRepo\DCPSInfoRepo_Lib.vcproj", "{ED47A0B5-FECA-1BAD-443A-726DF80C6174}"
	ProjectSection(ProjectDependencies) = postProject
		{D1271BEE-FECA-1BAD-F74D-085562319F2C} = {D1271BEE-FECA-1BAD-F74D-085562319F2C}
		{B9128EBE-FECA-1BAD-2471-C85400006233} = {B9128EBE-FECA-1BAD-2471-C85400006233}
		{E961B7BB-FECA-1BAD-24A6-EF9F7EFA7377} = {E961B7BB-FECA-1BAD-24A6-EF9F7EFA7377}
		{13051A38-FECA-1BAD-EA21-2A753FF6DED2} = {13051A38-FECA-1BAD-EA21-2A753FF6DED2}
	EndProjectSection
EndProject
Project("{8BC9CEB8-8B4A-11D0-8D11-00A0C91BC942}") = "DCPSInfoRepo_Main", "InfoRepo\DCPSInfoRepo_Main.vcproj", "{8D3937EB-FECA-1BAD-443A-726DF80C6174}"
	ProjectSection(ProjectDependencies) = postProject
		{D1271BEE-FECA-1BAD-F74D-085562319F2C} = {D1271BEE-FECA-1BAD-F74D-085562319F2C}
		{B9128EBE-FECA-1BAD-2471-C85400006233} = {B9128EBE-FECA-1BAD-2471-C85400006233}
		{E961B7BB-FECA-1BAD-24A6-EF9F7EFA7377} = {E961B7BB-FECA-1BAD-24A6-EF9F7EFA7377}
		{13051A38-FECA-1BAD-EA21-2A753FF6DED2} = {13051A38-FECA-1BAD-EA21-2A753FF6DED2}
		{ED47A0B5-FECA-1BAD-443A-726DF80C6174} = {ED47A0B5-FECA-1BAD-443A-726DF80C6174}
		{8AC27166-FECA-1BAD-443A-726DF80C6174} = {8AC27166-FECA-1BAD-443A-726DF80C6174}
		{0D3929B1-FECA-1BAD-443A-726DF80C6174} = {0D3929B1-FECA-1BAD-443A-726DF80C6174}
	EndProjectSection
EndProject
Project("{8BC9CEB8-8B4A-11D0-8D11-00A0C91BC942}") = "DCPSInfoRepo_Serv", "InfoRepo\DCPSInfoRepo_Serv.vcproj", "{0D3929B1-FECA-1BAD-443A-726DF80C6174}"
	ProjectSection(ProjectDependencies) = postProject
		{D1271BEE-FECA-1BAD-F74D-085562319F2C} = {D1271BEE-FECA-1BAD-F74D-085562319F2C}
		{B9128EBE-FECA-1BAD-2471-C85400006233} = {B9128EBE-FECA-1BAD-2471-C85400006233}
		{E961B7BB-FECA-1BAD-24A6-EF9F7EFA7377} = {E961B7BB-FECA-1BAD-24A6-EF9F7EFA7377}
		{13051A38-FECA-1BAD-EA21-2A753FF6DED2} = {13051A38-FECA-1BAD-EA21-2A753FF6DED2}
		{ED47A0B5-FECA-1BAD-443A-726DF80C6174} = {ED47A0B5-FECA-1BAD-443A-726DF80C6174}
		{8AC27166-FECA-1BAD-443A-726DF80C6174} = {8AC27166-FECA-1BAD-443A-726DF80C6174}
	EndProjectSection
EndProject
Project("{8BC9CEB8-8B4A-11D0-8D11-00A0C91BC942}") = "OpenDDS_Dcps", "OpenDDS_Dcps.vcproj", "{B9128EBE-FECA-1BAD-2471-C85400006233}"
	ProjectSection(ProjectDependencies) = postProject
		{00E017AD-FECA-1BAD-2471-C85400006233} = {00E017AD-FECA-1BAD-2471-C85400006233}
	EndProjectSection
EndProject
Project("{8BC9CEB8-8B4A-11D0-8D11-00A0C91BC942}") = "OpenDDS_Dcps_idl_gen", "OpenDDS_Dcps_idl_gen.vcproj", "{00E017AD-FECA-1BAD-2471-C85400006233}"
	ProjectSection(ProjectDependencies) = postProject
		{D1271BEE-FECA-1BAD-F74D-085562319F2C} = {D1271BEE-FECA-1BAD-F74D-085562319F2C}
	EndProjectSection
EndProject
Project("{8BC9CEB8-8B4A-11D0-8D11-00A0C91BC942}") = "opendds_idl", "idl\opendds_idl.vcproj", "{D1271BEE-FECA-1BAD-F74D-085562319F2C}"
	ProjectSection(ProjectDependencies) = postProject
	EndProjectSection
EndProject
Project("{8BC9CEB8-8B4A-11D0-8D11-00A0C91BC942}") = "OpenDDS_monitor", "monitor\OpenDDS_monitor.vcproj", "{643BC0B3-FECA-1BAD-E280-E1FB9B9880B3}"
	ProjectSection(ProjectDependencies) = postProject
		{D1271BEE-FECA-1BAD-F74D-085562319F2C} = {D1271BEE-FECA-1BAD-F74D-085562319F2C}
		{B9128EBE-FECA-1BAD-2471-C85400006233} = {B9128EBE-FECA-1BAD-2471-C85400006233}
	EndProjectSection
EndProject
Global
	GlobalSection(SolutionConfiguration) = preSolution
		Debug = Debug
		Release = Release
	EndGlobalSection
	GlobalSection(ProjectConfiguration) = postSolution
		{E961B7BB-FECA-1BAD-24A6-EF9F7EFA7377}.Debug.ActiveCfg = Debug|Win32
		{E961B7BB-FECA-1BAD-24A6-EF9F7EFA7377}.Debug.Build.0 = Debug|Win32
		{E961B7BB-FECA-1BAD-24A6-EF9F7EFA7377}.Release.ActiveCfg = Release|Win32
		{E961B7BB-FECA-1BAD-24A6-EF9F7EFA7377}.Release.Build.0 = Release|Win32
		{B91299CE-FECA-1BAD-5371-8A64657840E3}.Debug.ActiveCfg = Debug|Win32
		{B91299CE-FECA-1BAD-5371-8A64657840E3}.Debug.Build.0 = Debug|Win32
		{B91299CE-FECA-1BAD-5371-8A64657840E3}.Release.ActiveCfg = Release|Win32
		{B91299CE-FECA-1BAD-5371-8A64657840E3}.Release.Build.0 = Release|Win32
		{4C8C8091-FECA-1BAD-40B4-D2ECA910A082}.Debug.ActiveCfg = Debug|Win32
		{4C8C8091-FECA-1BAD-40B4-D2ECA910A082}.Debug.Build.0 = Debug|Win32
		{4C8C8091-FECA-1BAD-40B4-D2ECA910A082}.Release.ActiveCfg = Release|Win32
		{4C8C8091-FECA-1BAD-40B4-D2ECA910A082}.Release.Build.0 = Release|Win32
		{C450BEBF-FECA-1BAD-A25C-5F2F9A557C5D}.Debug.ActiveCfg = Debug|Win32
		{C450BEBF-FECA-1BAD-A25C-5F2F9A557C5D}.Debug.Build.0 = Debug|Win32
		{C450BEBF-FECA-1BAD-A25C-5F2F9A557C5D}.Release.ActiveCfg = Release|Win32
		{C450BEBF-FECA-1BAD-A25C-5F2F9A557C5D}.Release.Build.0 = Release|Win32
		{F86AAC13-FECA-1BAD-889F-9C8EF6D97902}.Debug.ActiveCfg = Debug|Win32
		{F86AAC13-FECA-1BAD-889F-9C8EF6D97902}.Debug.Build.0 = Debug|Win32
		{F86AAC13-FECA-1BAD-889F-9C8EF6D97902}.Release.ActiveCfg = Release|Win32
		{F86AAC13-FECA-1BAD-889F-9C8EF6D97902}.Release.Build.0 = Release|Win32
		{13051A38-FECA-1BAD-EA21-2A753FF6DED2}.Debug.ActiveCfg = Debug|Win32
		{13051A38-FECA-1BAD-EA21-2A753FF6DED2}.Debug.Build.0 = Debug|Win32
		{13051A38-FECA-1BAD-EA21-2A753FF6DED2}.Release.ActiveCfg = Release|Win32
		{13051A38-FECA-1BAD-EA21-2A753FF6DED2}.Release.Build.0 = Release|Win32
		{13051A2F-FECA-1BAD-EB51-2A753FF6DFA2}.Debug.ActiveCfg = Debug|Win32
		{13051A2F-FECA-1BAD-EB51-2A753FF6DFA2}.Debug.Build.0 = Debug|Win32
		{13051A2F-FECA-1BAD-EB51-2A753FF6DFA2}.Release.ActiveCfg = Release|Win32
		{13051A2F-FECA-1BAD-EB51-2A753FF6DFA2}.Release.Build.0 = Release|Win32
		{8AC27166-FECA-1BAD-443A-726DF80C6174}.Debug.ActiveCfg = Debug|Win32
		{8AC27166-FECA-1BAD-443A-726DF80C6174}.Debug.Build.0 = Debug|Win32
		{8AC27166-FECA-1BAD-443A-726DF80C6174}.Release.ActiveCfg = Release|Win32
		{8AC27166-FECA-1BAD-443A-726DF80C6174}.Release.Build.0 = Release|Win32
		{ED47A0B5-FECA-1BAD-443A-726DF80C6174}.Debug.ActiveCfg = Debug|Win32
		{ED47A0B5-FECA-1BAD-443A-726DF80C6174}.Debug.Build.0 = Debug|Win32
		{ED47A0B5-FECA-1BAD-443A-726DF80C6174}.Release.ActiveCfg = Release|Win32
		{ED47A0B5-FECA-1BAD-443A-726DF80C6174}.Release.Build.0 = Release|Win32
		{8D3937EB-FECA-1BAD-443A-726DF80C6174}.Debug.ActiveCfg = Debug|Win32
		{8D3937EB-FECA-1BAD-443A-726DF80C6174}.Debug.Build.0 = Debug|Win32
		{8D3937EB-FECA-1BAD-443A-726DF80C6174}.Release.ActiveCfg = Release|Win32
		{8D3937EB-FECA-1BAD-443A-726DF80C6174}.Release.Build.0 = Release|Win32
		{0D3929B1-FECA-1BAD-443A-726DF80C6174}.Debug.ActiveCfg = Debug|Win32
		{0D3929B1-FECA-1BAD-443A-726DF80C6174}.Debug.Build.0 = Debug|Win32
		{0D3929B1-FECA-1BAD-443A-726DF80C6174}.Release.ActiveCfg = Release|Win32
		{0D3929B1-FECA-1BAD-443A-726DF80C6174}.Release.Build.0 = Release|Win32
		{B9128EBE-FECA-1BAD-2471-C85400006233}.Debug.ActiveCfg = Debug|Win32
		{B9128EBE-FECA-1BAD-2471-C85400006233}.Debug.Build.0 = Debug|Win32
		{B9128EBE-FECA-1BAD-2471-C85400006233}.Release.ActiveCfg = Release|Win32
		{B9128EBE-FECA-1BAD-2471-C85400006233}.Release.Build.0 = Release|Win32
		{00E017AD-FECA-1BAD-2471-C85400006233}.Debug.ActiveCfg = Debug|Win32
		{00E017AD-FECA-1BAD-2471-C85400006233}.Debug.Build.0 = Debug|Win32
		{00E017AD-FECA-1BAD-2471-C85400006233}.Release.ActiveCfg = Release|Win32
		{00E017AD-FECA-1BAD-2471-C85400006233}.Release.Build.0 = Release|Win32
		{D1271BEE-FECA-1BAD-F74D-085562319F2C}.Debug.ActiveCfg = Debug|Win32
		{D1271BEE-FECA-1BAD-F74D-085562319F2C}.Debug.Build.0 = Debug|Win32
		{D1271BEE-FECA-1BAD-F74D-085562319F2C}.Release.ActiveCfg = Release|Win32
		{D1271BEE-FECA-1BAD-F74D-085562319F2C}.Release.Build.0 = Release|Win32
		{643BC0B3-FECA-1BAD-E280-E1FB9B9880B3}.Debug.ActiveCfg = Debug|Win32
		{643BC0B3-FECA-1BAD-E280-E1FB9B9880B3}.Debug.Build.0 = Debug|Win32
		{643BC0B3-FECA-1BAD-E280-E1FB9B9880B3}.Release.ActiveCfg = Release|Win32
		{643BC0B3-FECA-1BAD-E280-E1FB9B9880B3}.Release.Build.0 = Release|Win32
	EndGlobalSection
	GlobalSection(ExtensibilityGlobals) = postSolution
	EndGlobalSection
	GlobalSection(ExtensibilityAddIns) = postSolution
	EndGlobalSection
EndGlobal
