
Microsoft Visual Studio Solution File, Format Version 10.00
# Visual Studio 2008
# $Id: VC9WorkspaceCreator.pm 2035 2011-10-06 15:05:21Z johnnyw $
#
# This file was generated by MPC.  Any changes made directly to
# this file will be lost the next time it is generated.
#
# MPC Command:
# /tao_builds/schmitzj/tao-1_6_7/ACE_wrappers//bin/mwc.pl -type vc9 -hierarchy -name_modifier "*_vc9" -apply_project DDS.mwc
Project("{8BC9CEB8-8B4A-11D0-8D11-00A0C91BC942}") = "OpenDDS_InfoRepoDiscovery_vc9", "DCPS\InfoRepoDiscovery\OpenDDS_InfoRepoDiscovery_vc9.vcproj", "{7A25ECFF-FECA-1BAD-24A6-EF9F7EFA7377}"
	ProjectSection(ProjectDependencies) = postProject
		{D670D4B9-FECA-1BAD-F74D-085562319F2C} = {D670D4B9-FECA-1BAD-F74D-085562319F2C}
		{4320BC8C-FECA-1BAD-2471-C85400006233} = {4320BC8C-FECA-1BAD-2471-C85400006233}
	EndProjectSection
EndProject
Project("{8BC9CEB8-8B4A-11D0-8D11-00A0C91BC942}") = "OpenDDS_Rtps_vc9", "DCPS\RTPS\OpenDDS_Rtps_vc9.vcproj", "{5450BC8C-FECA-1BAD-5371-8A64657840E3}"
	ProjectSection(ProjectDependencies) = postProject
		{D670D4B9-FECA-1BAD-F74D-085562319F2C} = {D670D4B9-FECA-1BAD-F74D-085562319F2C}
		{4320BC8C-FECA-1BAD-2471-C85400006233} = {4320BC8C-FECA-1BAD-2471-C85400006233}
	EndProjectSection
EndProject
Project("{8BC9CEB8-8B4A-11D0-8D11-00A0C91BC942}") = "OpenDDS_Multicast_vc9", "DCPS\transport\multicast\OpenDDS_Multicast_vc9.vcproj", "{4D0F4912-FECA-1BAD-40B4-D2ECA910A082}"
	ProjectSection(ProjectDependencies) = postProject
		{D670D4B9-FECA-1BAD-F74D-085562319F2C} = {D670D4B9-FECA-1BAD-F74D-085562319F2C}
		{4320BC8C-FECA-1BAD-2471-C85400006233} = {4320BC8C-FECA-1BAD-2471-C85400006233}
	EndProjectSection
EndProject
Project("{8BC9CEB8-8B4A-11D0-8D11-00A0C91BC942}") = "OpenDDS_Rtps_Udp_vc9", "DCPS\transport\rtps_udp\OpenDDS_Rtps_Udp_vc9.vcproj", "{7321C1CE-FECA-1BAD-A25C-5F2F9A557C5D}"
	ProjectSection(ProjectDependencies) = postProject
		{D670D4B9-FECA-1BAD-F74D-085562319F2C} = {D670D4B9-FECA-1BAD-F74D-085562319F2C}
		{4320BC8C-FECA-1BAD-2471-C85400006233} = {4320BC8C-FECA-1BAD-2471-C85400006233}
		{5450BC8C-FECA-1BAD-5371-8A64657840E3} = {5450BC8C-FECA-1BAD-5371-8A64657840E3}
	EndProjectSection
EndProject
Project("{8BC9CEB8-8B4A-11D0-8D11-00A0C91BC942}") = "OpenDDS_Shmem_vc9", "DCPS\transport\shmem\OpenDDS_Shmem_vc9.vcproj", "{618DFDF4-FECA-1BAD-889F-9C8EF6D97902}"
	ProjectSection(ProjectDependencies) = postProject
		{D670D4B9-FECA-1BAD-F74D-085562319F2C} = {D670D4B9-FECA-1BAD-F74D-085562319F2C}
		{4320BC8C-FECA-1BAD-2471-C85400006233} = {4320BC8C-FECA-1BAD-2471-C85400006233}
	EndProjectSection
EndProject
Project("{8BC9CEB8-8B4A-11D0-8D11-00A0C91BC942}") = "OpenDDS_Tcp_vc9", "DCPS\transport\tcp\OpenDDS_Tcp_vc9.vcproj", "{D7A6169B-FECA-1BAD-EA21-2A753FF6DED2}"
	ProjectSection(ProjectDependencies) = postProject
		{D670D4B9-FECA-1BAD-F74D-085562319F2C} = {D670D4B9-FECA-1BAD-F74D-085562319F2C}
		{4320BC8C-FECA-1BAD-2471-C85400006233} = {4320BC8C-FECA-1BAD-2471-C85400006233}
	EndProjectSection
EndProject
Project("{8BC9CEB8-8B4A-11D0-8D11-00A0C91BC942}") = "OpenDDS_Udp_vc9", "DCPS\transport\udp\OpenDDS_Udp_vc9.vcproj", "{D7B1169B-FECA-1BAD-EB51-2A753FF6DFA2}"
	ProjectSection(ProjectDependencies) = postProject
		{D670D4B9-FECA-1BAD-F74D-085562319F2C} = {D670D4B9-FECA-1BAD-F74D-085562319F2C}
		{4320BC8C-FECA-1BAD-2471-C85400006233} = {4320BC8C-FECA-1BAD-2471-C85400006233}
	EndProjectSection
EndProject
Project("{8BC9CEB8-8B4A-11D0-8D11-00A0C91BC942}") = "DCPSInfoRepo_Federator_vc9", "InfoRepo\DCPSInfoRepo_Federator_vc9.vcproj", "{BCF88F5C-FECA-1BAD-443A-726DF80C6174}"
	ProjectSection(ProjectDependencies) = postProject
		{D670D4B9-FECA-1BAD-F74D-085562319F2C} = {D670D4B9-FECA-1BAD-F74D-085562319F2C}
		{4320BC8C-FECA-1BAD-2471-C85400006233} = {4320BC8C-FECA-1BAD-2471-C85400006233}
		{7A25ECFF-FECA-1BAD-24A6-EF9F7EFA7377} = {7A25ECFF-FECA-1BAD-24A6-EF9F7EFA7377}
		{D7A6169B-FECA-1BAD-EA21-2A753FF6DED2} = {D7A6169B-FECA-1BAD-EA21-2A753FF6DED2}
		{6D2BE8D9-FECA-1BAD-443A-726DF80C6174} = {6D2BE8D9-FECA-1BAD-443A-726DF80C6174}
	EndProjectSection
EndProject
Project("{8BC9CEB8-8B4A-11D0-8D11-00A0C91BC942}") = "DCPSInfoRepo_Lib_vc9", "InfoRepo\DCPSInfoRepo_Lib_vc9.vcproj", "{6D2BE8D9-FECA-1BAD-443A-726DF80C6174}"
	ProjectSection(ProjectDependencies) = postProject
		{D670D4B9-FECA-1BAD-F74D-085562319F2C} = {D670D4B9-FECA-1BAD-F74D-085562319F2C}
		{4320BC8C-FECA-1BAD-2471-C85400006233} = {4320BC8C-FECA-1BAD-2471-C85400006233}
		{7A25ECFF-FECA-1BAD-24A6-EF9F7EFA7377} = {7A25ECFF-FECA-1BAD-24A6-EF9F7EFA7377}
		{D7A6169B-FECA-1BAD-EA21-2A753FF6DED2} = {D7A6169B-FECA-1BAD-EA21-2A753FF6DED2}
	EndProjectSection
EndProject
Project("{8BC9CEB8-8B4A-11D0-8D11-00A0C91BC942}") = "DCPSInfoRepo_Main_vc9", "InfoRepo\DCPSInfoRepo_Main_vc9.vcproj", "{FA7588A7-FECA-1BAD-443A-726DF80C6174}"
	ProjectSection(ProjectDependencies) = postProject
		{D670D4B9-FECA-1BAD-F74D-085562319F2C} = {D670D4B9-FECA-1BAD-F74D-085562319F2C}
		{4320BC8C-FECA-1BAD-2471-C85400006233} = {4320BC8C-FECA-1BAD-2471-C85400006233}
		{7A25ECFF-FECA-1BAD-24A6-EF9F7EFA7377} = {7A25ECFF-FECA-1BAD-24A6-EF9F7EFA7377}
		{D7A6169B-FECA-1BAD-EA21-2A753FF6DED2} = {D7A6169B-FECA-1BAD-EA21-2A753FF6DED2}
		{6D2BE8D9-FECA-1BAD-443A-726DF80C6174} = {6D2BE8D9-FECA-1BAD-443A-726DF80C6174}
		{BCF88F5C-FECA-1BAD-443A-726DF80C6174} = {BCF88F5C-FECA-1BAD-443A-726DF80C6174}
		{E42F08A7-FECA-1BAD-443A-726DF80C6174} = {E42F08A7-FECA-1BAD-443A-726DF80C6174}
	EndProjectSection
EndProject
Project("{8BC9CEB8-8B4A-11D0-8D11-00A0C91BC942}") = "DCPSInfoRepo_Serv_vc9", "InfoRepo\DCPSInfoRepo_Serv_vc9.vcproj", "{E42F08A7-FECA-1BAD-443A-726DF80C6174}"
	ProjectSection(ProjectDependencies) = postProject
		{D670D4B9-FECA-1BAD-F74D-085562319F2C} = {D670D4B9-FECA-1BAD-F74D-085562319F2C}
		{4320BC8C-FECA-1BAD-2471-C85400006233} = {4320BC8C-FECA-1BAD-2471-C85400006233}
		{7A25ECFF-FECA-1BAD-24A6-EF9F7EFA7377} = {7A25ECFF-FECA-1BAD-24A6-EF9F7EFA7377}
		{D7A6169B-FECA-1BAD-EA21-2A753FF6DED2} = {D7A6169B-FECA-1BAD-EA21-2A753FF6DED2}
		{6D2BE8D9-FECA-1BAD-443A-726DF80C6174} = {6D2BE8D9-FECA-1BAD-443A-726DF80C6174}
		{BCF88F5C-FECA-1BAD-443A-726DF80C6174} = {BCF88F5C-FECA-1BAD-443A-726DF80C6174}
	EndProjectSection
EndProject
Project("{8BC9CEB8-8B4A-11D0-8D11-00A0C91BC942}") = "OpenDDS_Dcps_idl_gen_vc9", "OpenDDS_Dcps_idl_gen_vc9.vcproj", "{DA33057E-FECA-1BAD-2471-C85400006233}"
	ProjectSection(ProjectDependencies) = postProject
		{D670D4B9-FECA-1BAD-F74D-085562319F2C} = {D670D4B9-FECA-1BAD-F74D-085562319F2C}
	EndProjectSection
EndProject
Project("{8BC9CEB8-8B4A-11D0-8D11-00A0C91BC942}") = "OpenDDS_Dcps_vc9", "OpenDDS_Dcps_vc9.vcproj", "{4320BC8C-FECA-1BAD-2471-C85400006233}"
	ProjectSection(ProjectDependencies) = postProject
		{DA33057E-FECA-1BAD-2471-C85400006233} = {DA33057E-FECA-1BAD-2471-C85400006233}
	EndProjectSection
EndProject
Project("{8BC9CEB8-8B4A-11D0-8D11-00A0C91BC942}") = "opendds_idl_vc9", "idl\opendds_idl_vc9.vcproj", "{D670D4B9-FECA-1BAD-F74D-085562319F2C}"
EndProject
Project("{8BC9CEB8-8B4A-11D0-8D11-00A0C91BC942}") = "OpenDDS_monitor_vc9", "monitor\OpenDDS_monitor_vc9.vcproj", "{0D2D61A5-FECA-1BAD-E280-E1FB9B9880B3}"
	ProjectSection(ProjectDependencies) = postProject
		{D670D4B9-FECA-1BAD-F74D-085562319F2C} = {D670D4B9-FECA-1BAD-F74D-085562319F2C}
		{4320BC8C-FECA-1BAD-2471-C85400006233} = {4320BC8C-FECA-1BAD-2471-C85400006233}
	EndProjectSection
EndProject
Global
	GlobalSection(SolutionConfigurationPlatforms) = preSolution
		Debug|Win32 = Debug|Win32
		Debug|x64 = Debug|x64
		Release|Win32 = Release|Win32
		Release|x64 = Release|x64
	EndGlobalSection
	GlobalSection(ProjectConfigurationPlatforms) = postSolution
		{7A25ECFF-FECA-1BAD-24A6-EF9F7EFA7377}.Debug|Win32.ActiveCfg = Debug|Win32
		{7A25ECFF-FECA-1BAD-24A6-EF9F7EFA7377}.Debug|Win32.Build.0 = Debug|Win32
		{7A25ECFF-FECA-1BAD-24A6-EF9F7EFA7377}.Debug|x64.ActiveCfg = Debug|x64
		{7A25ECFF-FECA-1BAD-24A6-EF9F7EFA7377}.Debug|x64.Build.0 = Debug|x64
		{7A25ECFF-FECA-1BAD-24A6-EF9F7EFA7377}.Release|Win32.ActiveCfg = Release|Win32
		{7A25ECFF-FECA-1BAD-24A6-EF9F7EFA7377}.Release|Win32.Build.0 = Release|Win32
		{7A25ECFF-FECA-1BAD-24A6-EF9F7EFA7377}.Release|x64.ActiveCfg = Release|x64
		{7A25ECFF-FECA-1BAD-24A6-EF9F7EFA7377}.Release|x64.Build.0 = Release|x64
		{5450BC8C-FECA-1BAD-5371-8A64657840E3}.Debug|Win32.ActiveCfg = Debug|Win32
		{5450BC8C-FECA-1BAD-5371-8A64657840E3}.Debug|Win32.Build.0 = Debug|Win32
		{5450BC8C-FECA-1BAD-5371-8A64657840E3}.Debug|x64.ActiveCfg = Debug|x64
		{5450BC8C-FECA-1BAD-5371-8A64657840E3}.Debug|x64.Build.0 = Debug|x64
		{5450BC8C-FECA-1BAD-5371-8A64657840E3}.Release|Win32.ActiveCfg = Release|Win32
		{5450BC8C-FECA-1BAD-5371-8A64657840E3}.Release|Win32.Build.0 = Release|Win32
		{5450BC8C-FECA-1BAD-5371-8A64657840E3}.Release|x64.ActiveCfg = Release|x64
		{5450BC8C-FECA-1BAD-5371-8A64657840E3}.Release|x64.Build.0 = Release|x64
		{4D0F4912-FECA-1BAD-40B4-D2ECA910A082}.Debug|Win32.ActiveCfg = Debug|Win32
		{4D0F4912-FECA-1BAD-40B4-D2ECA910A082}.Debug|Win32.Build.0 = Debug|Win32
		{4D0F4912-FECA-1BAD-40B4-D2ECA910A082}.Debug|x64.ActiveCfg = Debug|x64
		{4D0F4912-FECA-1BAD-40B4-D2ECA910A082}.Debug|x64.Build.0 = Debug|x64
		{4D0F4912-FECA-1BAD-40B4-D2ECA910A082}.Release|Win32.ActiveCfg = Release|Win32
		{4D0F4912-FECA-1BAD-40B4-D2ECA910A082}.Release|Win32.Build.0 = Release|Win32
		{4D0F4912-FECA-1BAD-40B4-D2ECA910A082}.Release|x64.ActiveCfg = Release|x64
		{4D0F4912-FECA-1BAD-40B4-D2ECA910A082}.Release|x64.Build.0 = Release|x64
		{7321C1CE-FECA-1BAD-A25C-5F2F9A557C5D}.Debug|Win32.ActiveCfg = Debug|Win32
		{7321C1CE-FECA-1BAD-A25C-5F2F9A557C5D}.Debug|Win32.Build.0 = Debug|Win32
		{7321C1CE-FECA-1BAD-A25C-5F2F9A557C5D}.Debug|x64.ActiveCfg = Debug|x64
		{7321C1CE-FECA-1BAD-A25C-5F2F9A557C5D}.Debug|x64.Build.0 = Debug|x64
		{7321C1CE-FECA-1BAD-A25C-5F2F9A557C5D}.Release|Win32.ActiveCfg = Release|Win32
		{7321C1CE-FECA-1BAD-A25C-5F2F9A557C5D}.Release|Win32.Build.0 = Release|Win32
		{7321C1CE-FECA-1BAD-A25C-5F2F9A557C5D}.Release|x64.ActiveCfg = Release|x64
		{7321C1CE-FECA-1BAD-A25C-5F2F9A557C5D}.Release|x64.Build.0 = Release|x64
		{618DFDF4-FECA-1BAD-889F-9C8EF6D97902}.Debug|Win32.ActiveCfg = Debug|Win32
		{618DFDF4-FECA-1BAD-889F-9C8EF6D97902}.Debug|Win32.Build.0 = Debug|Win32
		{618DFDF4-FECA-1BAD-889F-9C8EF6D97902}.Debug|x64.ActiveCfg = Debug|x64
		{618DFDF4-FECA-1BAD-889F-9C8EF6D97902}.Debug|x64.Build.0 = Debug|x64
		{618DFDF4-FECA-1BAD-889F-9C8EF6D97902}.Release|Win32.ActiveCfg = Release|Win32
		{618DFDF4-FECA-1BAD-889F-9C8EF6D97902}.Release|Win32.Build.0 = Release|Win32
		{618DFDF4-FECA-1BAD-889F-9C8EF6D97902}.Release|x64.ActiveCfg = Release|x64
		{618DFDF4-FECA-1BAD-889F-9C8EF6D97902}.Release|x64.Build.0 = Release|x64
		{D7A6169B-FECA-1BAD-EA21-2A753FF6DED2}.Debug|Win32.ActiveCfg = Debug|Win32
		{D7A6169B-FECA-1BAD-EA21-2A753FF6DED2}.Debug|Win32.Build.0 = Debug|Win32
		{D7A6169B-FECA-1BAD-EA21-2A753FF6DED2}.Debug|x64.ActiveCfg = Debug|x64
		{D7A6169B-FECA-1BAD-EA21-2A753FF6DED2}.Debug|x64.Build.0 = Debug|x64
		{D7A6169B-FECA-1BAD-EA21-2A753FF6DED2}.Release|Win32.ActiveCfg = Release|Win32
		{D7A6169B-FECA-1BAD-EA21-2A753FF6DED2}.Release|Win32.Build.0 = Release|Win32
		{D7A6169B-FECA-1BAD-EA21-2A753FF6DED2}.Release|x64.ActiveCfg = Release|x64
		{D7A6169B-FECA-1BAD-EA21-2A753FF6DED2}.Release|x64.Build.0 = Release|x64
		{D7B1169B-FECA-1BAD-EB51-2A753FF6DFA2}.Debug|Win32.ActiveCfg = Debug|Win32
		{D7B1169B-FECA-1BAD-EB51-2A753FF6DFA2}.Debug|Win32.Build.0 = Debug|Win32
		{D7B1169B-FECA-1BAD-EB51-2A753FF6DFA2}.Debug|x64.ActiveCfg = Debug|x64
		{D7B1169B-FECA-1BAD-EB51-2A753FF6DFA2}.Debug|x64.Build.0 = Debug|x64
		{D7B1169B-FECA-1BAD-EB51-2A753FF6DFA2}.Release|Win32.ActiveCfg = Release|Win32
		{D7B1169B-FECA-1BAD-EB51-2A753FF6DFA2}.Release|Win32.Build.0 = Release|Win32
		{D7B1169B-FECA-1BAD-EB51-2A753FF6DFA2}.Release|x64.ActiveCfg = Release|x64
		{D7B1169B-FECA-1BAD-EB51-2A753FF6DFA2}.Release|x64.Build.0 = Release|x64
		{BCF88F5C-FECA-1BAD-443A-726DF80C6174}.Debug|Win32.ActiveCfg = Debug|Win32
		{BCF88F5C-FECA-1BAD-443A-726DF80C6174}.Debug|Win32.Build.0 = Debug|Win32
		{BCF88F5C-FECA-1BAD-443A-726DF80C6174}.Debug|x64.ActiveCfg = Debug|x64
		{BCF88F5C-FECA-1BAD-443A-726DF80C6174}.Debug|x64.Build.0 = Debug|x64
		{BCF88F5C-FECA-1BAD-443A-726DF80C6174}.Release|Win32.ActiveCfg = Release|Win32
		{BCF88F5C-FECA-1BAD-443A-726DF80C6174}.Release|Win32.Build.0 = Release|Win32
		{BCF88F5C-FECA-1BAD-443A-726DF80C6174}.Release|x64.ActiveCfg = Release|x64
		{BCF88F5C-FECA-1BAD-443A-726DF80C6174}.Release|x64.Build.0 = Release|x64
		{6D2BE8D9-FECA-1BAD-443A-726DF80C6174}.Debug|Win32.ActiveCfg = Debug|Win32
		{6D2BE8D9-FECA-1BAD-443A-726DF80C6174}.Debug|Win32.Build.0 = Debug|Win32
		{6D2BE8D9-FECA-1BAD-443A-726DF80C6174}.Debug|x64.ActiveCfg = Debug|x64
		{6D2BE8D9-FECA-1BAD-443A-726DF80C6174}.Debug|x64.Build.0 = Debug|x64
		{6D2BE8D9-FECA-1BAD-443A-726DF80C6174}.Release|Win32.ActiveCfg = Release|Win32
		{6D2BE8D9-FECA-1BAD-443A-726DF80C6174}.Release|Win32.Build.0 = Release|Win32
		{6D2BE8D9-FECA-1BAD-443A-726DF80C6174}.Release|x64.ActiveCfg = Release|x64
		{6D2BE8D9-FECA-1BAD-443A-726DF80C6174}.Release|x64.Build.0 = Release|x64
		{FA7588A7-FECA-1BAD-443A-726DF80C6174}.Debug|Win32.ActiveCfg = Debug|Win32
		{FA7588A7-FECA-1BAD-443A-726DF80C6174}.Debug|Win32.Build.0 = Debug|Win32
		{FA7588A7-FECA-1BAD-443A-726DF80C6174}.Debug|x64.ActiveCfg = Debug|x64
		{FA7588A7-FECA-1BAD-443A-726DF80C6174}.Debug|x64.Build.0 = Debug|x64
		{FA7588A7-FECA-1BAD-443A-726DF80C6174}.Release|Win32.ActiveCfg = Release|Win32
		{FA7588A7-FECA-1BAD-443A-726DF80C6174}.Release|Win32.Build.0 = Release|Win32
		{FA7588A7-FECA-1BAD-443A-726DF80C6174}.Release|x64.ActiveCfg = Release|x64
		{FA7588A7-FECA-1BAD-443A-726DF80C6174}.Release|x64.Build.0 = Release|x64
		{E42F08A7-FECA-1BAD-443A-726DF80C6174}.Debug|Win32.ActiveCfg = Debug|Win32
		{E42F08A7-FECA-1BAD-443A-726DF80C6174}.Debug|Win32.Build.0 = Debug|Win32
		{E42F08A7-FECA-1BAD-443A-726DF80C6174}.Debug|x64.ActiveCfg = Debug|x64
		{E42F08A7-FECA-1BAD-443A-726DF80C6174}.Debug|x64.Build.0 = Debug|x64
		{E42F08A7-FECA-1BAD-443A-726DF80C6174}.Release|Win32.ActiveCfg = Release|Win32
		{E42F08A7-FECA-1BAD-443A-726DF80C6174}.Release|Win32.Build.0 = Release|Win32
		{E42F08A7-FECA-1BAD-443A-726DF80C6174}.Release|x64.ActiveCfg = Release|x64
		{E42F08A7-FECA-1BAD-443A-726DF80C6174}.Release|x64.Build.0 = Release|x64
		{DA33057E-FECA-1BAD-2471-C85400006233}.Debug|Win32.ActiveCfg = Debug|Win32
		{DA33057E-FECA-1BAD-2471-C85400006233}.Debug|Win32.Build.0 = Debug|Win32
		{DA33057E-FECA-1BAD-2471-C85400006233}.Debug|x64.ActiveCfg = Debug|x64
		{DA33057E-FECA-1BAD-2471-C85400006233}.Debug|x64.Build.0 = Debug|x64
		{DA33057E-FECA-1BAD-2471-C85400006233}.Release|Win32.ActiveCfg = Release|Win32
		{DA33057E-FECA-1BAD-2471-C85400006233}.Release|Win32.Build.0 = Release|Win32
		{DA33057E-FECA-1BAD-2471-C85400006233}.Release|x64.ActiveCfg = Release|x64
		{DA33057E-FECA-1BAD-2471-C85400006233}.Release|x64.Build.0 = Release|x64
		{4320BC8C-FECA-1BAD-2471-C85400006233}.Debug|Win32.ActiveCfg = Debug|Win32
		{4320BC8C-FECA-1BAD-2471-C85400006233}.Debug|Win32.Build.0 = Debug|Win32
		{4320BC8C-FECA-1BAD-2471-C85400006233}.Debug|x64.ActiveCfg = Debug|x64
		{4320BC8C-FECA-1BAD-2471-C85400006233}.Debug|x64.Build.0 = Debug|x64
		{4320BC8C-FECA-1BAD-2471-C85400006233}.Release|Win32.ActiveCfg = Release|Win32
		{4320BC8C-FECA-1BAD-2471-C85400006233}.Release|Win32.Build.0 = Release|Win32
		{4320BC8C-FECA-1BAD-2471-C85400006233}.Release|x64.ActiveCfg = Release|x64
		{4320BC8C-FECA-1BAD-2471-C85400006233}.Release|x64.Build.0 = Release|x64
		{D670D4B9-FECA-1BAD-F74D-085562319F2C}.Debug|Win32.ActiveCfg = Debug|Win32
		{D670D4B9-FECA-1BAD-F74D-085562319F2C}.Debug|Win32.Build.0 = Debug|Win32
		{D670D4B9-FECA-1BAD-F74D-085562319F2C}.Debug|x64.ActiveCfg = Debug|x64
		{D670D4B9-FECA-1BAD-F74D-085562319F2C}.Debug|x64.Build.0 = Debug|x64
		{D670D4B9-FECA-1BAD-F74D-085562319F2C}.Release|Win32.ActiveCfg = Release|Win32
		{D670D4B9-FECA-1BAD-F74D-085562319F2C}.Release|Win32.Build.0 = Release|Win32
		{D670D4B9-FECA-1BAD-F74D-085562319F2C}.Release|x64.ActiveCfg = Release|x64
		{D670D4B9-FECA-1BAD-F74D-085562319F2C}.Release|x64.Build.0 = Release|x64
		{0D2D61A5-FECA-1BAD-E280-E1FB9B9880B3}.Debug|Win32.ActiveCfg = Debug|Win32
		{0D2D61A5-FECA-1BAD-E280-E1FB9B9880B3}.Debug|Win32.Build.0 = Debug|Win32
		{0D2D61A5-FECA-1BAD-E280-E1FB9B9880B3}.Debug|x64.ActiveCfg = Debug|x64
		{0D2D61A5-FECA-1BAD-E280-E1FB9B9880B3}.Debug|x64.Build.0 = Debug|x64
		{0D2D61A5-FECA-1BAD-E280-E1FB9B9880B3}.Release|Win32.ActiveCfg = Release|Win32
		{0D2D61A5-FECA-1BAD-E280-E1FB9B9880B3}.Release|Win32.Build.0 = Release|Win32
		{0D2D61A5-FECA-1BAD-E280-E1FB9B9880B3}.Release|x64.ActiveCfg = Release|x64
		{0D2D61A5-FECA-1BAD-E280-E1FB9B9880B3}.Release|x64.Build.0 = Release|x64
	EndGlobalSection
	GlobalSection(SolutionProperties) = preSolution
		HideSolutionNode = FALSE
	EndGlobalSection
EndGlobal
