
Microsoft Visual Studio Solution File, Format Version 11.00
# Visual Studio 2010
# $Id: VC10WorkspaceCreator.pm 2035 2011-10-06 15:05:21Z johnnyw $
#
# This file was generated by MPC.  Any changes made directly to
# this file will be lost the next time it is generated.
#
# MPC Command:
# /tao_builds/schmitzj/tao-1_6_7/ACE_wrappers//bin/mwc.pl -type vc10 -hierarchy -name_modifier "*_vc10" -apply_project DDS.mwc
Project("{8BC9CEB8-8B4A-11D0-8D11-00A0C91BC942}") = "OpenDDS_InfoRepoDiscovery_vc10", "DCPS\InfoRepoDiscovery\OpenDDS_InfoRepoDiscovery_vc10.vcxproj", "{312C332A-FECA-1BAD-24A6-EF9F7EFA7377}"
	ProjectSection(ProjectDependencies) = postProject
		{64147586-FECA-1BAD-F74D-085562319F2C} = {64147586-FECA-1BAD-F74D-085562319F2C}
		{347C4013-FECA-1BAD-2471-C85400006233} = {347C4013-FECA-1BAD-2471-C85400006233}
	EndProjectSection
EndProject
Project("{8BC9CEB8-8B4A-11D0-8D11-00A0C91BC942}") = "OpenDDS_Rtps_vc10", "DCPS\RTPS\OpenDDS_Rtps_vc10.vcxproj", "{447C4004-FECA-1BAD-5371-8A64657840E3}"
	ProjectSection(ProjectDependencies) = postProject
		{64147586-FECA-1BAD-F74D-085562319F2C} = {64147586-FECA-1BAD-F74D-085562319F2C}
		{347C4013-FECA-1BAD-2471-C85400006233} = {347C4013-FECA-1BAD-2471-C85400006233}
	EndProjectSection
EndProject
Project("{8BC9CEB8-8B4A-11D0-8D11-00A0C91BC942}") = "OpenDDS_Multicast_vc10", "DCPS\transport\multicast\OpenDDS_Multicast_vc10.vcxproj", "{1B89DE1D-FECA-1BAD-40B4-D2ECA910A082}"
	ProjectSection(ProjectDependencies) = postProject
		{64147586-FECA-1BAD-F74D-085562319F2C} = {64147586-FECA-1BAD-F74D-085562319F2C}
		{347C4013-FECA-1BAD-2471-C85400006233} = {347C4013-FECA-1BAD-2471-C85400006233}
	EndProjectSection
EndProject
Project("{8BC9CEB8-8B4A-11D0-8D11-00A0C91BC942}") = "OpenDDS_Rtps_Udp_vc10", "DCPS\transport\rtps_udp\OpenDDS_Rtps_Udp_vc10.vcxproj", "{35010223-FECA-1BAD-A25C-5F2F9A557C5D}"
	ProjectSection(ProjectDependencies) = postProject
		{64147586-FECA-1BAD-F74D-085562319F2C} = {64147586-FECA-1BAD-F74D-085562319F2C}
		{347C4013-FECA-1BAD-2471-C85400006233} = {347C4013-FECA-1BAD-2471-C85400006233}
		{447C4004-FECA-1BAD-5371-8A64657840E3} = {447C4004-FECA-1BAD-5371-8A64657840E3}
	EndProjectSection
EndProject
Project("{8BC9CEB8-8B4A-11D0-8D11-00A0C91BC942}") = "OpenDDS_Shmem_vc10", "DCPS\transport\shmem\OpenDDS_Shmem_vc10.vcxproj", "{993D3831-FECA-1BAD-889F-9C8EF6D97902}"
	ProjectSection(ProjectDependencies) = postProject
		{64147586-FECA-1BAD-F74D-085562319F2C} = {64147586-FECA-1BAD-F74D-085562319F2C}
		{347C4013-FECA-1BAD-2471-C85400006233} = {347C4013-FECA-1BAD-2471-C85400006233}
	EndProjectSection
EndProject
Project("{8BC9CEB8-8B4A-11D0-8D11-00A0C91BC942}") = "OpenDDS_Tcp_vc10", "DCPS\transport\tcp\OpenDDS_Tcp_vc10.vcxproj", "{B2D65787-FECA-1BAD-EA21-2A753FF6DED2}"
	ProjectSection(ProjectDependencies) = postProject
		{64147586-FECA-1BAD-F74D-085562319F2C} = {64147586-FECA-1BAD-F74D-085562319F2C}
		{347C4013-FECA-1BAD-2471-C85400006233} = {347C4013-FECA-1BAD-2471-C85400006233}
	EndProjectSection
EndProject
Project("{8BC9CEB8-8B4A-11D0-8D11-00A0C91BC942}") = "OpenDDS_Udp_vc10", "DCPS\transport\udp\OpenDDS_Udp_vc10.vcxproj", "{A5D65787-FECA-1BAD-EB51-2A753FF6DFA2}"
	ProjectSection(ProjectDependencies) = postProject
		{64147586-FECA-1BAD-F74D-085562319F2C} = {64147586-FECA-1BAD-F74D-085562319F2C}
		{347C4013-FECA-1BAD-2471-C85400006233} = {347C4013-FECA-1BAD-2471-C85400006233}
	EndProjectSection
EndProject
Project("{8BC9CEB8-8B4A-11D0-8D11-00A0C91BC942}") = "DCPSInfoRepo_Federator_vc10", "InfoRepo\DCPSInfoRepo_Federator_vc10.vcxproj", "{EC4F90EC-FECA-1BAD-443A-726DF80C6174}"
	ProjectSection(ProjectDependencies) = postProject
		{64147586-FECA-1BAD-F74D-085562319F2C} = {64147586-FECA-1BAD-F74D-085562319F2C}
		{347C4013-FECA-1BAD-2471-C85400006233} = {347C4013-FECA-1BAD-2471-C85400006233}
		{312C332A-FECA-1BAD-24A6-EF9F7EFA7377} = {312C332A-FECA-1BAD-24A6-EF9F7EFA7377}
		{B2D65787-FECA-1BAD-EA21-2A753FF6DED2} = {B2D65787-FECA-1BAD-EA21-2A753FF6DED2}
		{3F28153D-FECA-1BAD-443A-726DF80C6174} = {3F28153D-FECA-1BAD-443A-726DF80C6174}
	EndProjectSection
EndProject
Project("{8BC9CEB8-8B4A-11D0-8D11-00A0C91BC942}") = "DCPSInfoRepo_Lib_vc10", "InfoRepo\DCPSInfoRepo_Lib_vc10.vcxproj", "{3F28153D-FECA-1BAD-443A-726DF80C6174}"
	ProjectSection(ProjectDependencies) = postProject
		{64147586-FECA-1BAD-F74D-085562319F2C} = {64147586-FECA-1BAD-F74D-085562319F2C}
		{347C4013-FECA-1BAD-2471-C85400006233} = {347C4013-FECA-1BAD-2471-C85400006233}
		{312C332A-FECA-1BAD-24A6-EF9F7EFA7377} = {312C332A-FECA-1BAD-24A6-EF9F7EFA7377}
		{B2D65787-FECA-1BAD-EA21-2A753FF6DED2} = {B2D65787-FECA-1BAD-EA21-2A753FF6DED2}
	EndProjectSection
EndProject
Project("{8BC9CEB8-8B4A-11D0-8D11-00A0C91BC942}") = "DCPSInfoRepo_Main_vc10", "InfoRepo\DCPSInfoRepo_Main_vc10.vcxproj", "{61486BAA-FECA-1BAD-443A-726DF80C6174}"
	ProjectSection(ProjectDependencies) = postProject
		{64147586-FECA-1BAD-F74D-085562319F2C} = {64147586-FECA-1BAD-F74D-085562319F2C}
		{347C4013-FECA-1BAD-2471-C85400006233} = {347C4013-FECA-1BAD-2471-C85400006233}
		{312C332A-FECA-1BAD-24A6-EF9F7EFA7377} = {312C332A-FECA-1BAD-24A6-EF9F7EFA7377}
		{B2D65787-FECA-1BAD-EA21-2A753FF6DED2} = {B2D65787-FECA-1BAD-EA21-2A753FF6DED2}
		{3F28153D-FECA-1BAD-443A-726DF80C6174} = {3F28153D-FECA-1BAD-443A-726DF80C6174}
		{EC4F90EC-FECA-1BAD-443A-726DF80C6174} = {EC4F90EC-FECA-1BAD-443A-726DF80C6174}
		{3BC86BB4-FECA-1BAD-443A-726DF80C6174} = {3BC86BB4-FECA-1BAD-443A-726DF80C6174}
	EndProjectSection
EndProject
Project("{8BC9CEB8-8B4A-11D0-8D11-00A0C91BC942}") = "DCPSInfoRepo_Serv_vc10", "InfoRepo\DCPSInfoRepo_Serv_vc10.vcxproj", "{3BC86BB4-FECA-1BAD-443A-726DF80C6174}"
	ProjectSection(ProjectDependencies) = postProject
		{64147586-FECA-1BAD-F74D-085562319F2C} = {64147586-FECA-1BAD-F74D-085562319F2C}
		{347C4013-FECA-1BAD-2471-C85400006233} = {347C4013-FECA-1BAD-2471-C85400006233}
		{312C332A-FECA-1BAD-24A6-EF9F7EFA7377} = {312C332A-FECA-1BAD-24A6-EF9F7EFA7377}
		{B2D65787-FECA-1BAD-EA21-2A753FF6DED2} = {B2D65787-FECA-1BAD-EA21-2A753FF6DED2}
		{3F28153D-FECA-1BAD-443A-726DF80C6174} = {3F28153D-FECA-1BAD-443A-726DF80C6174}
		{EC4F90EC-FECA-1BAD-443A-726DF80C6174} = {EC4F90EC-FECA-1BAD-443A-726DF80C6174}
	EndProjectSection
EndProject
Project("{8BC9CEB8-8B4A-11D0-8D11-00A0C91BC942}") = "OpenDDS_Dcps_idl_gen_vc10", "OpenDDS_Dcps_idl_gen_vc10.vcxproj", "{27C5B28A-FECA-1BAD-2471-C85400006233}"
	ProjectSection(ProjectDependencies) = postProject
		{64147586-FECA-1BAD-F74D-085562319F2C} = {64147586-FECA-1BAD-F74D-085562319F2C}
	EndProjectSection
EndProject
Project("{8BC9CEB8-8B4A-11D0-8D11-00A0C91BC942}") = "OpenDDS_Dcps_vc10", "OpenDDS_Dcps_vc10.vcxproj", "{347C4013-FECA-1BAD-2471-C85400006233}"
	ProjectSection(ProjectDependencies) = postProject
		{27C5B28A-FECA-1BAD-2471-C85400006233} = {27C5B28A-FECA-1BAD-2471-C85400006233}
	EndProjectSection
EndProject
Project("{8BC9CEB8-8B4A-11D0-8D11-00A0C91BC942}") = "opendds_idl_vc10", "idl\opendds_idl_vc10.vcxproj", "{64147586-FECA-1BAD-F74D-085562319F2C}"
EndProject
Project("{8BC9CEB8-8B4A-11D0-8D11-00A0C91BC942}") = "OpenDDS_monitor_vc10", "monitor\OpenDDS_monitor_vc10.vcxproj", "{39A1695D-FECA-1BAD-E280-E1FB9B9880B3}"
	ProjectSection(ProjectDependencies) = postProject
		{64147586-FECA-1BAD-F74D-085562319F2C} = {64147586-FECA-1BAD-F74D-085562319F2C}
		{347C4013-FECA-1BAD-2471-C85400006233} = {347C4013-FECA-1BAD-2471-C85400006233}
	EndProjectSection
EndProject
Global
	GlobalSection(SolutionConfigurationPlatforms) = preSolution
		Debug|Win32 = Debug|Win32
		Debug|x64 = Debug|x64
		Release|Win32 = Release|Win32
		Release|x64 = Release|x64
	EndGlobalSection
	GlobalSection(ProjectConfigurationPlatforms) = postSolution
		{312C332A-FECA-1BAD-24A6-EF9F7EFA7377}.Debug|Win32.ActiveCfg = Debug|Win32
		{312C332A-FECA-1BAD-24A6-EF9F7EFA7377}.Debug|Win32.Build.0 = Debug|Win32
		{312C332A-FECA-1BAD-24A6-EF9F7EFA7377}.Debug|x64.ActiveCfg = Debug|x64
		{312C332A-FECA-1BAD-24A6-EF9F7EFA7377}.Debug|x64.Build.0 = Debug|x64
		{312C332A-FECA-1BAD-24A6-EF9F7EFA7377}.Release|Win32.ActiveCfg = Release|Win32
		{312C332A-FECA-1BAD-24A6-EF9F7EFA7377}.Release|Win32.Build.0 = Release|Win32
		{312C332A-FECA-1BAD-24A6-EF9F7EFA7377}.Release|x64.ActiveCfg = Release|x64
		{312C332A-FECA-1BAD-24A6-EF9F7EFA7377}.Release|x64.Build.0 = Release|x64
		{447C4004-FECA-1BAD-5371-8A64657840E3}.Debug|Win32.ActiveCfg = Debug|Win32
		{447C4004-FECA-1BAD-5371-8A64657840E3}.Debug|Win32.Build.0 = Debug|Win32
		{447C4004-FECA-1BAD-5371-8A64657840E3}.Debug|x64.ActiveCfg = Debug|x64
		{447C4004-FECA-1BAD-5371-8A64657840E3}.Debug|x64.Build.0 = Debug|x64
		{447C4004-FECA-1BAD-5371-8A64657840E3}.Release|Win32.ActiveCfg = Release|Win32
		{447C4004-FECA-1BAD-5371-8A64657840E3}.Release|Win32.Build.0 = Release|Win32
		{447C4004-FECA-1BAD-5371-8A64657840E3}.Release|x64.ActiveCfg = Release|x64
		{447C4004-FECA-1BAD-5371-8A64657840E3}.Release|x64.Build.0 = Release|x64
		{1B89DE1D-FECA-1BAD-40B4-D2ECA910A082}.Debug|Win32.ActiveCfg = Debug|Win32
		{1B89DE1D-FECA-1BAD-40B4-D2ECA910A082}.Debug|Win32.Build.0 = Debug|Win32
		{1B89DE1D-FECA-1BAD-40B4-D2ECA910A082}.Debug|x64.ActiveCfg = Debug|x64
		{1B89DE1D-FECA-1BAD-40B4-D2ECA910A082}.Debug|x64.Build.0 = Debug|x64
		{1B89DE1D-FECA-1BAD-40B4-D2ECA910A082}.Release|Win32.ActiveCfg = Release|Win32
		{1B89DE1D-FECA-1BAD-40B4-D2ECA910A082}.Release|Win32.Build.0 = Release|Win32
		{1B89DE1D-FECA-1BAD-40B4-D2ECA910A082}.Release|x64.ActiveCfg = Release|x64
		{1B89DE1D-FECA-1BAD-40B4-D2ECA910A082}.Release|x64.Build.0 = Release|x64
		{35010223-FECA-1BAD-A25C-5F2F9A557C5D}.Debug|Win32.ActiveCfg = Debug|Win32
		{35010223-FECA-1BAD-A25C-5F2F9A557C5D}.Debug|Win32.Build.0 = Debug|Win32
		{35010223-FECA-1BAD-A25C-5F2F9A557C5D}.Debug|x64.ActiveCfg = Debug|x64
		{35010223-FECA-1BAD-A25C-5F2F9A557C5D}.Debug|x64.Build.0 = Debug|x64
		{35010223-FECA-1BAD-A25C-5F2F9A557C5D}.Release|Win32.ActiveCfg = Release|Win32
		{35010223-FECA-1BAD-A25C-5F2F9A557C5D}.Release|Win32.Build.0 = Release|Win32
		{35010223-FECA-1BAD-A25C-5F2F9A557C5D}.Release|x64.ActiveCfg = Release|x64
		{35010223-FECA-1BAD-A25C-5F2F9A557C5D}.Release|x64.Build.0 = Release|x64
		{993D3831-FECA-1BAD-889F-9C8EF6D97902}.Debug|Win32.ActiveCfg = Debug|Win32
		{993D3831-FECA-1BAD-889F-9C8EF6D97902}.Debug|Win32.Build.0 = Debug|Win32
		{993D3831-FECA-1BAD-889F-9C8EF6D97902}.Debug|x64.ActiveCfg = Debug|x64
		{993D3831-FECA-1BAD-889F-9C8EF6D97902}.Debug|x64.Build.0 = Debug|x64
		{993D3831-FECA-1BAD-889F-9C8EF6D97902}.Release|Win32.ActiveCfg = Release|Win32
		{993D3831-FECA-1BAD-889F-9C8EF6D97902}.Release|Win32.Build.0 = Release|Win32
		{993D3831-FECA-1BAD-889F-9C8EF6D97902}.Release|x64.ActiveCfg = Release|x64
		{993D3831-FECA-1BAD-889F-9C8EF6D97902}.Release|x64.Build.0 = Release|x64
		{B2D65787-FECA-1BAD-EA21-2A753FF6DED2}.Debug|Win32.ActiveCfg = Debug|Win32
		{B2D65787-FECA-1BAD-EA21-2A753FF6DED2}.Debug|Win32.Build.0 = Debug|Win32
		{B2D65787-FECA-1BAD-EA21-2A753FF6DED2}.Debug|x64.ActiveCfg = Debug|x64
		{B2D65787-FECA-1BAD-EA21-2A753FF6DED2}.Debug|x64.Build.0 = Debug|x64
		{B2D65787-FECA-1BAD-EA21-2A753FF6DED2}.Release|Win32.ActiveCfg = Release|Win32
		{B2D65787-FECA-1BAD-EA21-2A753FF6DED2}.Release|Win32.Build.0 = Release|Win32
		{B2D65787-FECA-1BAD-EA21-2A753FF6DED2}.Release|x64.ActiveCfg = Release|x64
		{B2D65787-FECA-1BAD-EA21-2A753FF6DED2}.Release|x64.Build.0 = Release|x64
		{A5D65787-FECA-1BAD-EB51-2A753FF6DFA2}.Debug|Win32.ActiveCfg = Debug|Win32
		{A5D65787-FECA-1BAD-EB51-2A753FF6DFA2}.Debug|Win32.Build.0 = Debug|Win32
		{A5D65787-FECA-1BAD-EB51-2A753FF6DFA2}.Debug|x64.ActiveCfg = Debug|x64
		{A5D65787-FECA-1BAD-EB51-2A753FF6DFA2}.Debug|x64.Build.0 = Debug|x64
		{A5D65787-FECA-1BAD-EB51-2A753FF6DFA2}.Release|Win32.ActiveCfg = Release|Win32
		{A5D65787-FECA-1BAD-EB51-2A753FF6DFA2}.Release|Win32.Build.0 = Release|Win32
		{A5D65787-FECA-1BAD-EB51-2A753FF6DFA2}.Release|x64.ActiveCfg = Release|x64
		{A5D65787-FECA-1BAD-EB51-2A753FF6DFA2}.Release|x64.Build.0 = Release|x64
		{EC4F90EC-FECA-1BAD-443A-726DF80C6174}.Debug|Win32.ActiveCfg = Debug|Win32
		{EC4F90EC-FECA-1BAD-443A-726DF80C6174}.Debug|Win32.Build.0 = Debug|Win32
		{EC4F90EC-FECA-1BAD-443A-726DF80C6174}.Debug|x64.ActiveCfg = Debug|x64
		{EC4F90EC-FECA-1BAD-443A-726DF80C6174}.Debug|x64.Build.0 = Debug|x64
		{EC4F90EC-FECA-1BAD-443A-726DF80C6174}.Release|Win32.ActiveCfg = Release|Win32
		{EC4F90EC-FECA-1BAD-443A-726DF80C6174}.Release|Win32.Build.0 = Release|Win32
		{EC4F90EC-FECA-1BAD-443A-726DF80C6174}.Release|x64.ActiveCfg = Release|x64
		{EC4F90EC-FECA-1BAD-443A-726DF80C6174}.Release|x64.Build.0 = Release|x64
		{3F28153D-FECA-1BAD-443A-726DF80C6174}.Debug|Win32.ActiveCfg = Debug|Win32
		{3F28153D-FECA-1BAD-443A-726DF80C6174}.Debug|Win32.Build.0 = Debug|Win32
		{3F28153D-FECA-1BAD-443A-726DF80C6174}.Debug|x64.ActiveCfg = Debug|x64
		{3F28153D-FECA-1BAD-443A-726DF80C6174}.Debug|x64.Build.0 = Debug|x64
		{3F28153D-FECA-1BAD-443A-726DF80C6174}.Release|Win32.ActiveCfg = Release|Win32
		{3F28153D-FECA-1BAD-443A-726DF80C6174}.Release|Win32.Build.0 = Release|Win32
		{3F28153D-FECA-1BAD-443A-726DF80C6174}.Release|x64.ActiveCfg = Release|x64
		{3F28153D-FECA-1BAD-443A-726DF80C6174}.Release|x64.Build.0 = Release|x64
		{61486BAA-FECA-1BAD-443A-726DF80C6174}.Debug|Win32.ActiveCfg = Debug|Win32
		{61486BAA-FECA-1BAD-443A-726DF80C6174}.Debug|Win32.Build.0 = Debug|Win32
		{61486BAA-FECA-1BAD-443A-726DF80C6174}.Debug|x64.ActiveCfg = Debug|x64
		{61486BAA-FECA-1BAD-443A-726DF80C6174}.Debug|x64.Build.0 = Debug|x64
		{61486BAA-FECA-1BAD-443A-726DF80C6174}.Release|Win32.ActiveCfg = Release|Win32
		{61486BAA-FECA-1BAD-443A-726DF80C6174}.Release|Win32.Build.0 = Release|Win32
		{61486BAA-FECA-1BAD-443A-726DF80C6174}.Release|x64.ActiveCfg = Release|x64
		{61486BAA-FECA-1BAD-443A-726DF80C6174}.Release|x64.Build.0 = Release|x64
		{3BC86BB4-FECA-1BAD-443A-726DF80C6174}.Debug|Win32.ActiveCfg = Debug|Win32
		{3BC86BB4-FECA-1BAD-443A-726DF80C6174}.Debug|Win32.Build.0 = Debug|Win32
		{3BC86BB4-FECA-1BAD-443A-726DF80C6174}.Debug|x64.ActiveCfg = Debug|x64
		{3BC86BB4-FECA-1BAD-443A-726DF80C6174}.Debug|x64.Build.0 = Debug|x64
		{3BC86BB4-FECA-1BAD-443A-726DF80C6174}.Release|Win32.ActiveCfg = Release|Win32
		{3BC86BB4-FECA-1BAD-443A-726DF80C6174}.Release|Win32.Build.0 = Release|Win32
		{3BC86BB4-FECA-1BAD-443A-726DF80C6174}.Release|x64.ActiveCfg = Release|x64
		{3BC86BB4-FECA-1BAD-443A-726DF80C6174}.Release|x64.Build.0 = Release|x64
		{27C5B28A-FECA-1BAD-2471-C85400006233}.Debug|Win32.ActiveCfg = Debug|Win32
		{27C5B28A-FECA-1BAD-2471-C85400006233}.Debug|Win32.Build.0 = Debug|Win32
		{27C5B28A-FECA-1BAD-2471-C85400006233}.Debug|x64.ActiveCfg = Debug|x64
		{27C5B28A-FECA-1BAD-2471-C85400006233}.Debug|x64.Build.0 = Debug|x64
		{27C5B28A-FECA-1BAD-2471-C85400006233}.Release|Win32.ActiveCfg = Release|Win32
		{27C5B28A-FECA-1BAD-2471-C85400006233}.Release|Win32.Build.0 = Release|Win32
		{27C5B28A-FECA-1BAD-2471-C85400006233}.Release|x64.ActiveCfg = Release|x64
		{27C5B28A-FECA-1BAD-2471-C85400006233}.Release|x64.Build.0 = Release|x64
		{347C4013-FECA-1BAD-2471-C85400006233}.Debug|Win32.ActiveCfg = Debug|Win32
		{347C4013-FECA-1BAD-2471-C85400006233}.Debug|Win32.Build.0 = Debug|Win32
		{347C4013-FECA-1BAD-2471-C85400006233}.Debug|x64.ActiveCfg = Debug|x64
		{347C4013-FECA-1BAD-2471-C85400006233}.Debug|x64.Build.0 = Debug|x64
		{347C4013-FECA-1BAD-2471-C85400006233}.Release|Win32.ActiveCfg = Release|Win32
		{347C4013-FECA-1BAD-2471-C85400006233}.Release|Win32.Build.0 = Release|Win32
		{347C4013-FECA-1BAD-2471-C85400006233}.Release|x64.ActiveCfg = Release|x64
		{347C4013-FECA-1BAD-2471-C85400006233}.Release|x64.Build.0 = Release|x64
		{64147586-FECA-1BAD-F74D-085562319F2C}.Debug|Win32.ActiveCfg = Debug|Win32
		{64147586-FECA-1BAD-F74D-085562319F2C}.Debug|Win32.Build.0 = Debug|Win32
		{64147586-FECA-1BAD-F74D-085562319F2C}.Debug|x64.ActiveCfg = Debug|x64
		{64147586-FECA-1BAD-F74D-085562319F2C}.Debug|x64.Build.0 = Debug|x64
		{64147586-FECA-1BAD-F74D-085562319F2C}.Release|Win32.ActiveCfg = Release|Win32
		{64147586-FECA-1BAD-F74D-085562319F2C}.Release|Win32.Build.0 = Release|Win32
		{64147586-FECA-1BAD-F74D-085562319F2C}.Release|x64.ActiveCfg = Release|x64
		{64147586-FECA-1BAD-F74D-085562319F2C}.Release|x64.Build.0 = Release|x64
		{39A1695D-FECA-1BAD-E280-E1FB9B9880B3}.Debug|Win32.ActiveCfg = Debug|Win32
		{39A1695D-FECA-1BAD-E280-E1FB9B9880B3}.Debug|Win32.Build.0 = Debug|Win32
		{39A1695D-FECA-1BAD-E280-E1FB9B9880B3}.Debug|x64.ActiveCfg = Debug|x64
		{39A1695D-FECA-1BAD-E280-E1FB9B9880B3}.Debug|x64.Build.0 = Debug|x64
		{39A1695D-FECA-1BAD-E280-E1FB9B9880B3}.Release|Win32.ActiveCfg = Release|Win32
		{39A1695D-FECA-1BAD-E280-E1FB9B9880B3}.Release|Win32.Build.0 = Release|Win32
		{39A1695D-FECA-1BAD-E280-E1FB9B9880B3}.Release|x64.ActiveCfg = Release|x64
		{39A1695D-FECA-1BAD-E280-E1FB9B9880B3}.Release|x64.Build.0 = Release|x64
	EndGlobalSection
	GlobalSection(SolutionProperties) = preSolution
		HideSolutionNode = FALSE
	EndGlobalSection
EndGlobal
