Microsoft Visual Studio Solution File, Format Version 8.00
#
# $Id: VC71WorkspaceCreator.pm 2035 2011-10-06 15:05:21Z johnnyw $
#
# This file was generated by MPC.  Any changes made directly to
# this file will be lost the next time it is generated.
#
# MPC Command:
# /tao_builds/schmitzj/tao-1_6_7/ACE_wrappers//bin/mwc.pl -type vc71 -hierarchy -static -name_modifier "*_Static" -apply_project DDS.mwc
Project("{8BC9CEB8-8B4A-11D0-8D11-00A0C91BC942}") = "OpenDDS_InfoRepoDiscovery_Static", "DCPS\InfoRepoDiscovery\OpenDDS_InfoRepoDiscovery_Static.vcproj", "{00A60E87-FECA-1BAD-24A6-EF9F7EFA7377}"
	ProjectSection(ProjectDependencies) = postProject
	EndProjectSection
EndProject
Project("{8BC9CEB8-8B4A-11D0-8D11-00A0C91BC942}") = "OpenDDS_Rtps_Static", "DCPS\RTPS\OpenDDS_Rtps_Static.vcproj", "{55A13C60-FECA-1BAD-5371-8A64657840E3}"
	ProjectSection(ProjectDependencies) = postProject
	EndProjectSection
EndProject
Project("{8BC9CEB8-8B4A-11D0-8D11-00A0C91BC942}") = "OpenDDS_Multicast_Static", "DCPS\transport\multicast\OpenDDS_Multicast_Static.vcproj", "{AAF8DDF5-FECA-1BAD-40B4-D2ECA910A082}"
	ProjectSection(ProjectDependencies) = postProject
	EndProjectSection
EndProject
Project("{8BC9CEB8-8B4A-11D0-8D11-00A0C91BC942}") = "OpenDDS_Rtps_Udp_Static", "DCPS\transport\rtps_udp\OpenDDS_Rtps_Udp_Static.vcproj", "{42751E17-FECA-1BAD-A25C-5F2F9A557C5D}"
	ProjectSection(ProjectDependencies) = postProject
	EndProjectSection
EndProject
Project("{8BC9CEB8-8B4A-11D0-8D11-00A0C91BC942}") = "OpenDDS_Shmem_Static", "DCPS\transport\shmem\OpenDDS_Shmem_Static.vcproj", "{81B6BF3D-FECA-1BAD-889F-9C8EF6D97902}"
	ProjectSection(ProjectDependencies) = postProject
	EndProjectSection
EndProject
Project("{8BC9CEB8-8B4A-11D0-8D11-00A0C91BC942}") = "OpenDDS_Tcp_Static", "DCPS\transport\tcp\OpenDDS_Tcp_Static.vcproj", "{3F00445F-FECA-1BAD-EA21-2A753FF6DED2}"
	ProjectSection(ProjectDependencies) = postProject
	EndProjectSection
EndProject
Project("{8BC9CEB8-8B4A-11D0-8D11-00A0C91BC942}") = "OpenDDS_Udp_Static", "DCPS\transport\udp\OpenDDS_Udp_Static.vcproj", "{4F00445E-FECA-1BAD-EB51-2A753FF6DFA2}"
	ProjectSection(ProjectDependencies) = postProject
	EndProjectSection
EndProject
Project("{8BC9CEB8-8B4A-11D0-8D11-00A0C91BC942}") = "DCPSInfoRepo_Federator_Static", "InfoRepo\DCPSInfoRepo_Federator_Static.vcproj", "{D69C32EA-FECA-1BAD-443A-726DF80C6174}"
	ProjectSection(ProjectDependencies) = postProject
	EndProjectSection
EndProject
Project("{8BC9CEB8-8B4A-11D0-8D11-00A0C91BC942}") = "DCPSInfoRepo_Lib_Static", "InfoRepo\DCPSInfoRepo_Lib_Static.vcproj", "{E0E46FF7-FECA-1BAD-443A-726DF80C6174}"
	ProjectSection(ProjectDependencies) = postProject
	EndProjectSection
EndProject
Project("{8BC9CEB8-8B4A-11D0-8D11-00A0C91BC942}") = "DCPSInfoRepo_Main_Static", "InfoRepo\DCPSInfoRepo_Main_Static.vcproj", "{06E38682-FECA-1BAD-443A-726DF80C6174}"
	ProjectSection(ProjectDependencies) = postProject
		{53226442-FECA-1BAD-F74D-085562319F2C} = {53226442-FECA-1BAD-F74D-085562319F2C}
		{55A13D17-FECA-1BAD-2471-C85400006233} = {55A13D17-FECA-1BAD-2471-C85400006233}
		{00A60E87-FECA-1BAD-24A6-EF9F7EFA7377} = {00A60E87-FECA-1BAD-24A6-EF9F7EFA7377}
		{3F00445F-FECA-1BAD-EA21-2A753FF6DED2} = {3F00445F-FECA-1BAD-EA21-2A753FF6DED2}
		{E0E46FF7-FECA-1BAD-443A-726DF80C6174} = {E0E46FF7-FECA-1BAD-443A-726DF80C6174}
		{D69C32EA-FECA-1BAD-443A-726DF80C6174} = {D69C32EA-FECA-1BAD-443A-726DF80C6174}
		{AEE38767-FECA-1BAD-443A-726DF80C6174} = {AEE38767-FECA-1BAD-443A-726DF80C6174}
	EndProjectSection
EndProject
Project("{8BC9CEB8-8B4A-11D0-8D11-00A0C91BC942}") = "DCPSInfoRepo_Serv_Static", "InfoRepo\DCPSInfoRepo_Serv_Static.vcproj", "{AEE38767-FECA-1BAD-443A-726DF80C6174}"
	ProjectSection(ProjectDependencies) = postProject
	EndProjectSection
EndProject
Project("{8BC9CEB8-8B4A-11D0-8D11-00A0C91BC942}") = "OpenDDS_Dcps_Static", "OpenDDS_Dcps_Static.vcproj", "{55A13D17-FECA-1BAD-2471-C85400006233}"
	ProjectSection(ProjectDependencies) = postProject
	EndProjectSection
EndProject
Project("{8BC9CEB8-8B4A-11D0-8D11-00A0C91BC942}") = "OpenDDS_Dcps_idl_gen_Static", "OpenDDS_Dcps_idl_gen_Static.vcproj", "{6E3E1486-FECA-1BAD-2471-C85400006233}"
	ProjectSection(ProjectDependencies) = postProject
	EndProjectSection
EndProject
Project("{8BC9CEB8-8B4A-11D0-8D11-00A0C91BC942}") = "opendds_idl_Static", "idl\opendds_idl_Static.vcproj", "{53226442-FECA-1BAD-F74D-085562319F2C}"
	ProjectSection(ProjectDependencies) = postProject
	EndProjectSection
EndProject
Project("{8BC9CEB8-8B4A-11D0-8D11-00A0C91BC942}") = "OpenDDS_monitor_Static", "monitor\OpenDDS_monitor_Static.vcproj", "{8873A9F7-FECA-1BAD-E280-E1FB9B9880B3}"
	ProjectSection(ProjectDependencies) = postProject
	EndProjectSection
EndProject
Global
	GlobalSection(SolutionConfiguration) = preSolution
		Debug = Debug
		Release = Release
	EndGlobalSection
	GlobalSection(ProjectConfiguration) = postSolution
		{00A60E87-FECA-1BAD-24A6-EF9F7EFA7377}.Debug.ActiveCfg = Debug|Win32
		{00A60E87-FECA-1BAD-24A6-EF9F7EFA7377}.Debug.Build.0 = Debug|Win32
		{00A60E87-FECA-1BAD-24A6-EF9F7EFA7377}.Release.ActiveCfg = Release|Win32
		{00A60E87-FECA-1BAD-24A6-EF9F7EFA7377}.Release.Build.0 = Release|Win32
		{55A13C60-FECA-1BAD-5371-8A64657840E3}.Debug.ActiveCfg = Debug|Win32
		{55A13C60-FECA-1BAD-5371-8A64657840E3}.Debug.Build.0 = Debug|Win32
		{55A13C60-FECA-1BAD-5371-8A64657840E3}.Release.ActiveCfg = Release|Win32
		{55A13C60-FECA-1BAD-5371-8A64657840E3}.Release.Build.0 = Release|Win32
		{AAF8DDF5-FECA-1BAD-40B4-D2ECA910A082}.Debug.ActiveCfg = Debug|Win32
		{AAF8DDF5-FECA-1BAD-40B4-D2ECA910A082}.Debug.Build.0 = Debug|Win32
		{AAF8DDF5-FECA-1BAD-40B4-D2ECA910A082}.Release.ActiveCfg = Release|Win32
		{AAF8DDF5-FECA-1BAD-40B4-D2ECA910A082}.Release.Build.0 = Release|Win32
		{42751E17-FECA-1BAD-A25C-5F2F9A557C5D}.Debug.ActiveCfg = Debug|Win32
		{42751E17-FECA-1BAD-A25C-5F2F9A557C5D}.Debug.Build.0 = Debug|Win32
		{42751E17-FECA-1BAD-A25C-5F2F9A557C5D}.Release.ActiveCfg = Release|Win32
		{42751E17-FECA-1BAD-A25C-5F2F9A557C5D}.Release.Build.0 = Release|Win32
		{81B6BF3D-FECA-1BAD-889F-9C8EF6D97902}.Debug.ActiveCfg = Debug|Win32
		{81B6BF3D-FECA-1BAD-889F-9C8EF6D97902}.Debug.Build.0 = Debug|Win32
		{81B6BF3D-FECA-1BAD-889F-9C8EF6D97902}.Release.ActiveCfg = Release|Win32
		{81B6BF3D-FECA-1BAD-889F-9C8EF6D97902}.Release.Build.0 = Release|Win32
		{3F00445F-FECA-1BAD-EA21-2A753FF6DED2}.Debug.ActiveCfg = Debug|Win32
		{3F00445F-FECA-1BAD-EA21-2A753FF6DED2}.Debug.Build.0 = Debug|Win32
		{3F00445F-FECA-1BAD-EA21-2A753FF6DED2}.Release.ActiveCfg = Release|Win32
		{3F00445F-FECA-1BAD-EA21-2A753FF6DED2}.Release.Build.0 = Release|Win32
		{4F00445E-FECA-1BAD-EB51-2A753FF6DFA2}.Debug.ActiveCfg = Debug|Win32
		{4F00445E-FECA-1BAD-EB51-2A753FF6DFA2}.Debug.Build.0 = Debug|Win32
		{4F00445E-FECA-1BAD-EB51-2A753FF6DFA2}.Release.ActiveCfg = Release|Win32
		{4F00445E-FECA-1BAD-EB51-2A753FF6DFA2}.Release.Build.0 = Release|Win32
		{D69C32EA-FECA-1BAD-443A-726DF80C6174}.Debug.ActiveCfg = Debug|Win32
		{D69C32EA-FECA-1BAD-443A-726DF80C6174}.Debug.Build.0 = Debug|Win32
		{D69C32EA-FECA-1BAD-443A-726DF80C6174}.Release.ActiveCfg = Release|Win32
		{D69C32EA-FECA-1BAD-443A-726DF80C6174}.Release.Build.0 = Release|Win32
		{E0E46FF7-FECA-1BAD-443A-726DF80C6174}.Debug.ActiveCfg = Debug|Win32
		{E0E46FF7-FECA-1BAD-443A-726DF80C6174}.Debug.Build.0 = Debug|Win32
		{E0E46FF7-FECA-1BAD-443A-726DF80C6174}.Release.ActiveCfg = Release|Win32
		{E0E46FF7-FECA-1BAD-443A-726DF80C6174}.Release.Build.0 = Release|Win32
		{06E38682-FECA-1BAD-443A-726DF80C6174}.Debug.ActiveCfg = Debug|Win32
		{06E38682-FECA-1BAD-443A-726DF80C6174}.Debug.Build.0 = Debug|Win32
		{06E38682-FECA-1BAD-443A-726DF80C6174}.Release.ActiveCfg = Release|Win32
		{06E38682-FECA-1BAD-443A-726DF80C6174}.Release.Build.0 = Release|Win32
		{AEE38767-FECA-1BAD-443A-726DF80C6174}.Debug.ActiveCfg = Debug|Win32
		{AEE38767-FECA-1BAD-443A-726DF80C6174}.Debug.Build.0 = Debug|Win32
		{AEE38767-FECA-1BAD-443A-726DF80C6174}.Release.ActiveCfg = Release|Win32
		{AEE38767-FECA-1BAD-443A-726DF80C6174}.Release.Build.0 = Release|Win32
		{55A13D17-FECA-1BAD-2471-C85400006233}.Debug.ActiveCfg = Debug|Win32
		{55A13D17-FECA-1BAD-2471-C85400006233}.Debug.Build.0 = Debug|Win32
		{55A13D17-FECA-1BAD-2471-C85400006233}.Release.ActiveCfg = Release|Win32
		{55A13D17-FECA-1BAD-2471-C85400006233}.Release.Build.0 = Release|Win32
		{6E3E1486-FECA-1BAD-2471-C85400006233}.Debug.ActiveCfg = Debug|Win32
		{6E3E1486-FECA-1BAD-2471-C85400006233}.Debug.Build.0 = Debug|Win32
		{6E3E1486-FECA-1BAD-2471-C85400006233}.Release.ActiveCfg = Release|Win32
		{6E3E1486-FECA-1BAD-2471-C85400006233}.Release.Build.0 = Release|Win32
		{53226442-FECA-1BAD-F74D-085562319F2C}.Debug.ActiveCfg = Debug|Win32
		{53226442-FECA-1BAD-F74D-085562319F2C}.Debug.Build.0 = Debug|Win32
		{53226442-FECA-1BAD-F74D-085562319F2C}.Release.ActiveCfg = Release|Win32
		{53226442-FECA-1BAD-F74D-085562319F2C}.Release.Build.0 = Release|Win32
		{8873A9F7-FECA-1BAD-E280-E1FB9B9880B3}.Debug.ActiveCfg = Debug|Win32
		{8873A9F7-FECA-1BAD-E280-E1FB9B9880B3}.Debug.Build.0 = Debug|Win32
		{8873A9F7-FECA-1BAD-E280-E1FB9B9880B3}.Release.ActiveCfg = Release|Win32
		{8873A9F7-FECA-1BAD-E280-E1FB9B9880B3}.Release.Build.0 = Release|Win32
	EndGlobalSection
	GlobalSection(ExtensibilityGlobals) = postSolution
	EndGlobalSection
	GlobalSection(ExtensibilityAddIns) = postSolution
	EndGlobalSection
EndGlobal
