
Microsoft Visual Studio Solution File, Format Version 9.00
# Visual Studio 2005
# $Id: VC8WorkspaceCreator.pm 2236 2014-11-20 15:06:08Z elliott_c $
#
# This file was generated by MPC.  Any changes made directly to
# this file will be lost the next time it is generated.
#
# MPC Command:
# /tao_builds/schmitzj/tao-1_6_7/ACE_wrappers//bin/mwc.pl -type vc8 -hierarchy -name_modifier "*_vc8" -apply_project DDS.mwc
Project("{8BC9CEB8-8B4A-11D0-8D11-00A0C91BC942}") = "OpenDDS_InfoRepoDiscovery_vc8", "DCPS\InfoRepoDiscovery\OpenDDS_InfoRepoDiscovery_vc8.vcproj", "{6A25ECFF-FECA-1BAD-24A6-EF9F7EFA7377}"
	ProjectSection(ProjectDependencies) = postProject
		{C670D4B9-FECA-1BAD-F74D-085562319F2C} = {C670D4B9-FECA-1BAD-F74D-085562319F2C}
		{5320BC8C-FECA-1BAD-2471-C85400006233} = {5320BC8C-FECA-1BAD-2471-C85400006233}
	EndProjectSection
EndProject
Project("{8BC9CEB8-8B4A-11D0-8D11-00A0C91BC942}") = "OpenDDS_Rtps_vc8", "DCPS\RTPS\OpenDDS_Rtps_vc8.vcproj", "{4450BC8C-FECA-1BAD-5371-8A64657840E3}"
	ProjectSection(ProjectDependencies) = postProject
		{C670D4B9-FECA-1BAD-F74D-085562319F2C} = {C670D4B9-FECA-1BAD-F74D-085562319F2C}
		{5320BC8C-FECA-1BAD-2471-C85400006233} = {5320BC8C-FECA-1BAD-2471-C85400006233}
	EndProjectSection
EndProject
Project("{8BC9CEB8-8B4A-11D0-8D11-00A0C91BC942}") = "OpenDDS_Multicast_vc8", "DCPS\transport\multicast\OpenDDS_Multicast_vc8.vcproj", "{5D0F4912-FECA-1BAD-40B4-D2ECA910A082}"
	ProjectSection(ProjectDependencies) = postProject
		{C670D4B9-FECA-1BAD-F74D-085562319F2C} = {C670D4B9-FECA-1BAD-F74D-085562319F2C}
		{5320BC8C-FECA-1BAD-2471-C85400006233} = {5320BC8C-FECA-1BAD-2471-C85400006233}
	EndProjectSection
EndProject
Project("{8BC9CEB8-8B4A-11D0-8D11-00A0C91BC942}") = "OpenDDS_Rtps_Udp_vc8", "DCPS\transport\rtps_udp\OpenDDS_Rtps_Udp_vc8.vcproj", "{6321C1CE-FECA-1BAD-A25C-5F2F9A557C5D}"
	ProjectSection(ProjectDependencies) = postProject
		{C670D4B9-FECA-1BAD-F74D-085562319F2C} = {C670D4B9-FECA-1BAD-F74D-085562319F2C}
		{5320BC8C-FECA-1BAD-2471-C85400006233} = {5320BC8C-FECA-1BAD-2471-C85400006233}
		{4450BC8C-FECA-1BAD-5371-8A64657840E3} = {4450BC8C-FECA-1BAD-5371-8A64657840E3}
	EndProjectSection
EndProject
Project("{8BC9CEB8-8B4A-11D0-8D11-00A0C91BC942}") = "OpenDDS_Shmem_vc8", "DCPS\transport\shmem\OpenDDS_Shmem_vc8.vcproj", "{718DFDF4-FECA-1BAD-889F-9C8EF6D97902}"
	ProjectSection(ProjectDependencies) = postProject
		{C670D4B9-FECA-1BAD-F74D-085562319F2C} = {C670D4B9-FECA-1BAD-F74D-085562319F2C}
		{5320BC8C-FECA-1BAD-2471-C85400006233} = {5320BC8C-FECA-1BAD-2471-C85400006233}
	EndProjectSection
EndProject
Project("{8BC9CEB8-8B4A-11D0-8D11-00A0C91BC942}") = "OpenDDS_Tcp_vc8", "DCPS\transport\tcp\OpenDDS_Tcp_vc8.vcproj", "{C7A6169B-FECA-1BAD-EA21-2A753FF6DED2}"
	ProjectSection(ProjectDependencies) = postProject
		{C670D4B9-FECA-1BAD-F74D-085562319F2C} = {C670D4B9-FECA-1BAD-F74D-085562319F2C}
		{5320BC8C-FECA-1BAD-2471-C85400006233} = {5320BC8C-FECA-1BAD-2471-C85400006233}
	EndProjectSection
EndProject
Project("{8BC9CEB8-8B4A-11D0-8D11-00A0C91BC942}") = "OpenDDS_Udp_vc8", "DCPS\transport\udp\OpenDDS_Udp_vc8.vcproj", "{C7B1169B-FECA-1BAD-EB51-2A753FF6DFA2}"
	ProjectSection(ProjectDependencies) = postProject
		{C670D4B9-FECA-1BAD-F74D-085562319F2C} = {C670D4B9-FECA-1BAD-F74D-085562319F2C}
		{5320BC8C-FECA-1BAD-2471-C85400006233} = {5320BC8C-FECA-1BAD-2471-C85400006233}
	EndProjectSection
EndProject
Project("{8BC9CEB8-8B4A-11D0-8D11-00A0C91BC942}") = "DCPSInfoRepo_Federator_vc8", "InfoRepo\DCPSInfoRepo_Federator_vc8.vcproj", "{ACF88F5C-FECA-1BAD-443A-726DF80C6174}"
	ProjectSection(ProjectDependencies) = postProject
		{C670D4B9-FECA-1BAD-F74D-085562319F2C} = {C670D4B9-FECA-1BAD-F74D-085562319F2C}
		{5320BC8C-FECA-1BAD-2471-C85400006233} = {5320BC8C-FECA-1BAD-2471-C85400006233}
		{6A25ECFF-FECA-1BAD-24A6-EF9F7EFA7377} = {6A25ECFF-FECA-1BAD-24A6-EF9F7EFA7377}
		{C7A6169B-FECA-1BAD-EA21-2A753FF6DED2} = {C7A6169B-FECA-1BAD-EA21-2A753FF6DED2}
		{7D2BE8D9-FECA-1BAD-443A-726DF80C6174} = {7D2BE8D9-FECA-1BAD-443A-726DF80C6174}
	EndProjectSection
EndProject
Project("{8BC9CEB8-8B4A-11D0-8D11-00A0C91BC942}") = "DCPSInfoRepo_Lib_vc8", "InfoRepo\DCPSInfoRepo_Lib_vc8.vcproj", "{7D2BE8D9-FECA-1BAD-443A-726DF80C6174}"
	ProjectSection(ProjectDependencies) = postProject
		{C670D4B9-FECA-1BAD-F74D-085562319F2C} = {C670D4B9-FECA-1BAD-F74D-085562319F2C}
		{5320BC8C-FECA-1BAD-2471-C85400006233} = {5320BC8C-FECA-1BAD-2471-C85400006233}
		{6A25ECFF-FECA-1BAD-24A6-EF9F7EFA7377} = {6A25ECFF-FECA-1BAD-24A6-EF9F7EFA7377}
		{C7A6169B-FECA-1BAD-EA21-2A753FF6DED2} = {C7A6169B-FECA-1BAD-EA21-2A753FF6DED2}
	EndProjectSection
EndProject
Project("{8BC9CEB8-8B4A-11D0-8D11-00A0C91BC942}") = "DCPSInfoRepo_Main_vc8", "InfoRepo\DCPSInfoRepo_Main_vc8.vcproj", "{EA7588A7-FECA-1BAD-443A-726DF80C6174}"
	ProjectSection(ProjectDependencies) = postProject
		{C670D4B9-FECA-1BAD-F74D-085562319F2C} = {C670D4B9-FECA-1BAD-F74D-085562319F2C}
		{5320BC8C-FECA-1BAD-2471-C85400006233} = {5320BC8C-FECA-1BAD-2471-C85400006233}
		{6A25ECFF-FECA-1BAD-24A6-EF9F7EFA7377} = {6A25ECFF-FECA-1BAD-24A6-EF9F7EFA7377}
		{C7A6169B-FECA-1BAD-EA21-2A753FF6DED2} = {C7A6169B-FECA-1BAD-EA21-2A753FF6DED2}
		{7D2BE8D9-FECA-1BAD-443A-726DF80C6174} = {7D2BE8D9-FECA-1BAD-443A-726DF80C6174}
		{ACF88F5C-FECA-1BAD-443A-726DF80C6174} = {ACF88F5C-FECA-1BAD-443A-726DF80C6174}
		{F42F08A7-FECA-1BAD-443A-726DF80C6174} = {F42F08A7-FECA-1BAD-443A-726DF80C6174}
	EndProjectSection
EndProject
Project("{8BC9CEB8-8B4A-11D0-8D11-00A0C91BC942}") = "DCPSInfoRepo_Serv_vc8", "InfoRepo\DCPSInfoRepo_Serv_vc8.vcproj", "{F42F08A7-FECA-1BAD-443A-726DF80C6174}"
	ProjectSection(ProjectDependencies) = postProject
		{C670D4B9-FECA-1BAD-F74D-085562319F2C} = {C670D4B9-FECA-1BAD-F74D-085562319F2C}
		{5320BC8C-FECA-1BAD-2471-C85400006233} = {5320BC8C-FECA-1BAD-2471-C85400006233}
		{6A25ECFF-FECA-1BAD-24A6-EF9F7EFA7377} = {6A25ECFF-FECA-1BAD-24A6-EF9F7EFA7377}
		{C7A6169B-FECA-1BAD-EA21-2A753FF6DED2} = {C7A6169B-FECA-1BAD-EA21-2A753FF6DED2}
		{7D2BE8D9-FECA-1BAD-443A-726DF80C6174} = {7D2BE8D9-FECA-1BAD-443A-726DF80C6174}
		{ACF88F5C-FECA-1BAD-443A-726DF80C6174} = {ACF88F5C-FECA-1BAD-443A-726DF80C6174}
	EndProjectSection
EndProject
Project("{8BC9CEB8-8B4A-11D0-8D11-00A0C91BC942}") = "OpenDDS_Dcps_idl_gen_vc8", "OpenDDS_Dcps_idl_gen_vc8.vcproj", "{CA33057E-FECA-1BAD-2471-C85400006233}"
	ProjectSection(ProjectDependencies) = postProject
		{C670D4B9-FECA-1BAD-F74D-085562319F2C} = {C670D4B9-FECA-1BAD-F74D-085562319F2C}
	EndProjectSection
EndProject
Project("{8BC9CEB8-8B4A-11D0-8D11-00A0C91BC942}") = "OpenDDS_Dcps_vc8", "OpenDDS_Dcps_vc8.vcproj", "{5320BC8C-FECA-1BAD-2471-C85400006233}"
	ProjectSection(ProjectDependencies) = postProject
		{CA33057E-FECA-1BAD-2471-C85400006233} = {CA33057E-FECA-1BAD-2471-C85400006233}
	EndProjectSection
EndProject
Project("{8BC9CEB8-8B4A-11D0-8D11-00A0C91BC942}") = "opendds_idl_vc8", "idl\opendds_idl_vc8.vcproj", "{C670D4B9-FECA-1BAD-F74D-085562319F2C}"
EndProject
Project("{8BC9CEB8-8B4A-11D0-8D11-00A0C91BC942}") = "OpenDDS_monitor_vc8", "monitor\OpenDDS_monitor_vc8.vcproj", "{1D2D61A5-FECA-1BAD-E280-E1FB9B9880B3}"
	ProjectSection(ProjectDependencies) = postProject
		{C670D4B9-FECA-1BAD-F74D-085562319F2C} = {C670D4B9-FECA-1BAD-F74D-085562319F2C}
		{5320BC8C-FECA-1BAD-2471-C85400006233} = {5320BC8C-FECA-1BAD-2471-C85400006233}
	EndProjectSection
EndProject
Global
	GlobalSection(SolutionConfigurationPlatforms) = preSolution
		Debug|Win32 = Debug|Win32
		Debug|x64 = Debug|x64
		Release|Win32 = Release|Win32
		Release|x64 = Release|x64
	EndGlobalSection
	GlobalSection(ProjectConfigurationPlatforms) = postSolution
		{6A25ECFF-FECA-1BAD-24A6-EF9F7EFA7377}.Debug|Win32.ActiveCfg = Debug|Win32
		{6A25ECFF-FECA-1BAD-24A6-EF9F7EFA7377}.Debug|Win32.Build.0 = Debug|Win32
		{6A25ECFF-FECA-1BAD-24A6-EF9F7EFA7377}.Debug|x64.ActiveCfg = Debug|x64
		{6A25ECFF-FECA-1BAD-24A6-EF9F7EFA7377}.Debug|x64.Build.0 = Debug|x64
		{6A25ECFF-FECA-1BAD-24A6-EF9F7EFA7377}.Release|Win32.ActiveCfg = Release|Win32
		{6A25ECFF-FECA-1BAD-24A6-EF9F7EFA7377}.Release|Win32.Build.0 = Release|Win32
		{6A25ECFF-FECA-1BAD-24A6-EF9F7EFA7377}.Release|x64.ActiveCfg = Release|x64
		{6A25ECFF-FECA-1BAD-24A6-EF9F7EFA7377}.Release|x64.Build.0 = Release|x64
		{4450BC8C-FECA-1BAD-5371-8A64657840E3}.Debug|Win32.ActiveCfg = Debug|Win32
		{4450BC8C-FECA-1BAD-5371-8A64657840E3}.Debug|Win32.Build.0 = Debug|Win32
		{4450BC8C-FECA-1BAD-5371-8A64657840E3}.Debug|x64.ActiveCfg = Debug|x64
		{4450BC8C-FECA-1BAD-5371-8A64657840E3}.Debug|x64.Build.0 = Debug|x64
		{4450BC8C-FECA-1BAD-5371-8A64657840E3}.Release|Win32.ActiveCfg = Release|Win32
		{4450BC8C-FECA-1BAD-5371-8A64657840E3}.Release|Win32.Build.0 = Release|Win32
		{4450BC8C-FECA-1BAD-5371-8A64657840E3}.Release|x64.ActiveCfg = Release|x64
		{4450BC8C-FECA-1BAD-5371-8A64657840E3}.Release|x64.Build.0 = Release|x64
		{5D0F4912-FECA-1BAD-40B4-D2ECA910A082}.Debug|Win32.ActiveCfg = Debug|Win32
		{5D0F4912-FECA-1BAD-40B4-D2ECA910A082}.Debug|Win32.Build.0 = Debug|Win32
		{5D0F4912-FECA-1BAD-40B4-D2ECA910A082}.Debug|x64.ActiveCfg = Debug|x64
		{5D0F4912-FECA-1BAD-40B4-D2ECA910A082}.Debug|x64.Build.0 = Debug|x64
		{5D0F4912-FECA-1BAD-40B4-D2ECA910A082}.Release|Win32.ActiveCfg = Release|Win32
		{5D0F4912-FECA-1BAD-40B4-D2ECA910A082}.Release|Win32.Build.0 = Release|Win32
		{5D0F4912-FECA-1BAD-40B4-D2ECA910A082}.Release|x64.ActiveCfg = Release|x64
		{5D0F4912-FECA-1BAD-40B4-D2ECA910A082}.Release|x64.Build.0 = Release|x64
		{6321C1CE-FECA-1BAD-A25C-5F2F9A557C5D}.Debug|Win32.ActiveCfg = Debug|Win32
		{6321C1CE-FECA-1BAD-A25C-5F2F9A557C5D}.Debug|Win32.Build.0 = Debug|Win32
		{6321C1CE-FECA-1BAD-A25C-5F2F9A557C5D}.Debug|x64.ActiveCfg = Debug|x64
		{6321C1CE-FECA-1BAD-A25C-5F2F9A557C5D}.Debug|x64.Build.0 = Debug|x64
		{6321C1CE-FECA-1BAD-A25C-5F2F9A557C5D}.Release|Win32.ActiveCfg = Release|Win32
		{6321C1CE-FECA-1BAD-A25C-5F2F9A557C5D}.Release|Win32.Build.0 = Release|Win32
		{6321C1CE-FECA-1BAD-A25C-5F2F9A557C5D}.Release|x64.ActiveCfg = Release|x64
		{6321C1CE-FECA-1BAD-A25C-5F2F9A557C5D}.Release|x64.Build.0 = Release|x64
		{718DFDF4-FECA-1BAD-889F-9C8EF6D97902}.Debug|Win32.ActiveCfg = Debug|Win32
		{718DFDF4-FECA-1BAD-889F-9C8EF6D97902}.Debug|Win32.Build.0 = Debug|Win32
		{718DFDF4-FECA-1BAD-889F-9C8EF6D97902}.Debug|x64.ActiveCfg = Debug|x64
		{718DFDF4-FECA-1BAD-889F-9C8EF6D97902}.Debug|x64.Build.0 = Debug|x64
		{718DFDF4-FECA-1BAD-889F-9C8EF6D97902}.Release|Win32.ActiveCfg = Release|Win32
		{718DFDF4-FECA-1BAD-889F-9C8EF6D97902}.Release|Win32.Build.0 = Release|Win32
		{718DFDF4-FECA-1BAD-889F-9C8EF6D97902}.Release|x64.ActiveCfg = Release|x64
		{718DFDF4-FECA-1BAD-889F-9C8EF6D97902}.Release|x64.Build.0 = Release|x64
		{C7A6169B-FECA-1BAD-EA21-2A753FF6DED2}.Debug|Win32.ActiveCfg = Debug|Win32
		{C7A6169B-FECA-1BAD-EA21-2A753FF6DED2}.Debug|Win32.Build.0 = Debug|Win32
		{C7A6169B-FECA-1BAD-EA21-2A753FF6DED2}.Debug|x64.ActiveCfg = Debug|x64
		{C7A6169B-FECA-1BAD-EA21-2A753FF6DED2}.Debug|x64.Build.0 = Debug|x64
		{C7A6169B-FECA-1BAD-EA21-2A753FF6DED2}.Release|Win32.ActiveCfg = Release|Win32
		{C7A6169B-FECA-1BAD-EA21-2A753FF6DED2}.Release|Win32.Build.0 = Release|Win32
		{C7A6169B-FECA-1BAD-EA21-2A753FF6DED2}.Release|x64.ActiveCfg = Release|x64
		{C7A6169B-FECA-1BAD-EA21-2A753FF6DED2}.Release|x64.Build.0 = Release|x64
		{C7B1169B-FECA-1BAD-EB51-2A753FF6DFA2}.Debug|Win32.ActiveCfg = Debug|Win32
		{C7B1169B-FECA-1BAD-EB51-2A753FF6DFA2}.Debug|Win32.Build.0 = Debug|Win32
		{C7B1169B-FECA-1BAD-EB51-2A753FF6DFA2}.Debug|x64.ActiveCfg = Debug|x64
		{C7B1169B-FECA-1BAD-EB51-2A753FF6DFA2}.Debug|x64.Build.0 = Debug|x64
		{C7B1169B-FECA-1BAD-EB51-2A753FF6DFA2}.Release|Win32.ActiveCfg = Release|Win32
		{C7B1169B-FECA-1BAD-EB51-2A753FF6DFA2}.Release|Win32.Build.0 = Release|Win32
		{C7B1169B-FECA-1BAD-EB51-2A753FF6DFA2}.Release|x64.ActiveCfg = Release|x64
		{C7B1169B-FECA-1BAD-EB51-2A753FF6DFA2}.Release|x64.Build.0 = Release|x64
		{ACF88F5C-FECA-1BAD-443A-726DF80C6174}.Debug|Win32.ActiveCfg = Debug|Win32
		{ACF88F5C-FECA-1BAD-443A-726DF80C6174}.Debug|Win32.Build.0 = Debug|Win32
		{ACF88F5C-FECA-1BAD-443A-726DF80C6174}.Debug|x64.ActiveCfg = Debug|x64
		{ACF88F5C-FECA-1BAD-443A-726DF80C6174}.Debug|x64.Build.0 = Debug|x64
		{ACF88F5C-FECA-1BAD-443A-726DF80C6174}.Release|Win32.ActiveCfg = Release|Win32
		{ACF88F5C-FECA-1BAD-443A-726DF80C6174}.Release|Win32.Build.0 = Release|Win32
		{ACF88F5C-FECA-1BAD-443A-726DF80C6174}.Release|x64.ActiveCfg = Release|x64
		{ACF88F5C-FECA-1BAD-443A-726DF80C6174}.Release|x64.Build.0 = Release|x64
		{7D2BE8D9-FECA-1BAD-443A-726DF80C6174}.Debug|Win32.ActiveCfg = Debug|Win32
		{7D2BE8D9-FECA-1BAD-443A-726DF80C6174}.Debug|Win32.Build.0 = Debug|Win32
		{7D2BE8D9-FECA-1BAD-443A-726DF80C6174}.Debug|x64.ActiveCfg = Debug|x64
		{7D2BE8D9-FECA-1BAD-443A-726DF80C6174}.Debug|x64.Build.0 = Debug|x64
		{7D2BE8D9-FECA-1BAD-443A-726DF80C6174}.Release|Win32.ActiveCfg = Release|Win32
		{7D2BE8D9-FECA-1BAD-443A-726DF80C6174}.Release|Win32.Build.0 = Release|Win32
		{7D2BE8D9-FECA-1BAD-443A-726DF80C6174}.Release|x64.ActiveCfg = Release|x64
		{7D2BE8D9-FECA-1BAD-443A-726DF80C6174}.Release|x64.Build.0 = Release|x64
		{EA7588A7-FECA-1BAD-443A-726DF80C6174}.Debug|Win32.ActiveCfg = Debug|Win32
		{EA7588A7-FECA-1BAD-443A-726DF80C6174}.Debug|Win32.Build.0 = Debug|Win32
		{EA7588A7-FECA-1BAD-443A-726DF80C6174}.Debug|x64.ActiveCfg = Debug|x64
		{EA7588A7-FECA-1BAD-443A-726DF80C6174}.Debug|x64.Build.0 = Debug|x64
		{EA7588A7-FECA-1BAD-443A-726DF80C6174}.Release|Win32.ActiveCfg = Release|Win32
		{EA7588A7-FECA-1BAD-443A-726DF80C6174}.Release|Win32.Build.0 = Release|Win32
		{EA7588A7-FECA-1BAD-443A-726DF80C6174}.Release|x64.ActiveCfg = Release|x64
		{EA7588A7-FECA-1BAD-443A-726DF80C6174}.Release|x64.Build.0 = Release|x64
		{F42F08A7-FECA-1BAD-443A-726DF80C6174}.Debug|Win32.ActiveCfg = Debug|Win32
		{F42F08A7-FECA-1BAD-443A-726DF80C6174}.Debug|Win32.Build.0 = Debug|Win32
		{F42F08A7-FECA-1BAD-443A-726DF80C6174}.Debug|x64.ActiveCfg = Debug|x64
		{F42F08A7-FECA-1BAD-443A-726DF80C6174}.Debug|x64.Build.0 = Debug|x64
		{F42F08A7-FECA-1BAD-443A-726DF80C6174}.Release|Win32.ActiveCfg = Release|Win32
		{F42F08A7-FECA-1BAD-443A-726DF80C6174}.Release|Win32.Build.0 = Release|Win32
		{F42F08A7-FECA-1BAD-443A-726DF80C6174}.Release|x64.ActiveCfg = Release|x64
		{F42F08A7-FECA-1BAD-443A-726DF80C6174}.Release|x64.Build.0 = Release|x64
		{CA33057E-FECA-1BAD-2471-C85400006233}.Debug|Win32.ActiveCfg = Debug|Win32
		{CA33057E-FECA-1BAD-2471-C85400006233}.Debug|Win32.Build.0 = Debug|Win32
		{CA33057E-FECA-1BAD-2471-C85400006233}.Debug|x64.ActiveCfg = Debug|x64
		{CA33057E-FECA-1BAD-2471-C85400006233}.Debug|x64.Build.0 = Debug|x64
		{CA33057E-FECA-1BAD-2471-C85400006233}.Release|Win32.ActiveCfg = Release|Win32
		{CA33057E-FECA-1BAD-2471-C85400006233}.Release|Win32.Build.0 = Release|Win32
		{CA33057E-FECA-1BAD-2471-C85400006233}.Release|x64.ActiveCfg = Release|x64
		{CA33057E-FECA-1BAD-2471-C85400006233}.Release|x64.Build.0 = Release|x64
		{5320BC8C-FECA-1BAD-2471-C85400006233}.Debug|Win32.ActiveCfg = Debug|Win32
		{5320BC8C-FECA-1BAD-2471-C85400006233}.Debug|Win32.Build.0 = Debug|Win32
		{5320BC8C-FECA-1BAD-2471-C85400006233}.Debug|x64.ActiveCfg = Debug|x64
		{5320BC8C-FECA-1BAD-2471-C85400006233}.Debug|x64.Build.0 = Debug|x64
		{5320BC8C-FECA-1BAD-2471-C85400006233}.Release|Win32.ActiveCfg = Release|Win32
		{5320BC8C-FECA-1BAD-2471-C85400006233}.Release|Win32.Build.0 = Release|Win32
		{5320BC8C-FECA-1BAD-2471-C85400006233}.Release|x64.ActiveCfg = Release|x64
		{5320BC8C-FECA-1BAD-2471-C85400006233}.Release|x64.Build.0 = Release|x64
		{C670D4B9-FECA-1BAD-F74D-085562319F2C}.Debug|Win32.ActiveCfg = Debug|Win32
		{C670D4B9-FECA-1BAD-F74D-085562319F2C}.Debug|Win32.Build.0 = Debug|Win32
		{C670D4B9-FECA-1BAD-F74D-085562319F2C}.Debug|x64.ActiveCfg = Debug|x64
		{C670D4B9-FECA-1BAD-F74D-085562319F2C}.Debug|x64.Build.0 = Debug|x64
		{C670D4B9-FECA-1BAD-F74D-085562319F2C}.Release|Win32.ActiveCfg = Release|Win32
		{C670D4B9-FECA-1BAD-F74D-085562319F2C}.Release|Win32.Build.0 = Release|Win32
		{C670D4B9-FECA-1BAD-F74D-085562319F2C}.Release|x64.ActiveCfg = Release|x64
		{C670D4B9-FECA-1BAD-F74D-085562319F2C}.Release|x64.Build.0 = Release|x64
		{1D2D61A5-FECA-1BAD-E280-E1FB9B9880B3}.Debug|Win32.ActiveCfg = Debug|Win32
		{1D2D61A5-FECA-1BAD-E280-E1FB9B9880B3}.Debug|Win32.Build.0 = Debug|Win32
		{1D2D61A5-FECA-1BAD-E280-E1FB9B9880B3}.Debug|x64.ActiveCfg = Debug|x64
		{1D2D61A5-FECA-1BAD-E280-E1FB9B9880B3}.Debug|x64.Build.0 = Debug|x64
		{1D2D61A5-FECA-1BAD-E280-E1FB9B9880B3}.Release|Win32.ActiveCfg = Release|Win32
		{1D2D61A5-FECA-1BAD-E280-E1FB9B9880B3}.Release|Win32.Build.0 = Release|Win32
		{1D2D61A5-FECA-1BAD-E280-E1FB9B9880B3}.Release|x64.ActiveCfg = Release|x64
		{1D2D61A5-FECA-1BAD-E280-E1FB9B9880B3}.Release|x64.Build.0 = Release|x64
	EndGlobalSection
	GlobalSection(SolutionProperties) = preSolution
		HideSolutionNode = FALSE
	EndGlobalSection
EndGlobal
