<?xml version="1.0" encoding="utf-8"?>
<Project ToolsVersion="4.0" xmlns="http://schemas.microsoft.com/developer/msbuild/2003">
  <ItemGroup>
    <Filter Include="Source Files">
      <UniqueIdentifier>{B1F27843-FECA-1BAD-EA21-2A753FF6DED2}</UniqueIdentifier>
      <Extensions>cpp;cxx;cc;c;C</Extensions>
    </Filter>
    <Filter Include="Header Files">
      <UniqueIdentifier>{06319535-FECA-1BAD-EA21-2A753FF6DED2}</UniqueIdentifier>
      <Extensions>h;hpp;hxx;hh</Extensions>
    </Filter>
    <Filter Include="Build Files">
      <UniqueIdentifier>{A1909F1C-FECA-1BAD-EA21-2A753FF6DED2}</UniqueIdentifier>
      <Extensions>mpc;mpb;mwc</Extensions>
    </Filter>
    <Filter Include="Inline Files">
      <UniqueIdentifier>{763028EF-FECA-1BAD-EA21-2A753FF6DED2}</UniqueIdentifier>
      <Extensions>i;ipp;inl</Extensions>
    </Filter>
    <Filter Include="Resource Files">
      <UniqueIdentifier>{502A2050-FECA-1BAD-EA21-2A753FF6DED2}</UniqueIdentifier>
      <Extensions>rc;ico;cur;bmp;dlg;rc2;rct;bin;cnt;rtf;gif;jpg;jpeg;jpe</Extensions>
    </Filter>
  </ItemGroup>
  <ItemGroup>
    <ClCompile Include="Tcp.cpp">
      <Filter>Source Files</Filter>
    </ClCompile>
    <ClCompile Include="TcpAcceptor.cpp">
      <Filter>Source Files</Filter>
    </ClCompile>
    <ClCompile Include="TcpConnection.cpp">
      <Filter>Source Files</Filter>
    </ClCompile>
    <ClCompile Include="TcpConnectionReplaceTask.cpp">
      <Filter>Source Files</Filter>
    </ClCompile>
    <ClCompile Include="TcpDataLink.cpp">
      <Filter>Source Files</Filter>
    </ClCompile>
    <ClCompile Include="TcpInst.cpp">
      <Filter>Source Files</Filter>
    </ClCompile>
    <ClCompile Include="TcpLoader.cpp">
      <Filter>Source Files</Filter>
    </ClCompile>
    <ClCompile Include="TcpReceiveStrategy.cpp">
      <Filter>Source Files</Filter>
    </ClCompile>
    <ClCompile Include="TcpReconnectTask.cpp">
      <Filter>Source Files</Filter>
    </ClCompile>
    <ClCompile Include="TcpSendStrategy.cpp">
      <Filter>Source Files</Filter>
    </ClCompile>
    <ClCompile Include="TcpSynchResource.cpp">
      <Filter>Source Files</Filter>
    </ClCompile>
    <ClCompile Include="TcpTransport.cpp">
      <Filter>Source Files</Filter>
    </ClCompile>
  </ItemGroup>
  <ItemGroup>
    <ClInclude Include="Tcp.h">
      <Filter>Header Files</Filter>
    </ClInclude>
    <ClInclude Include="Tcp_export.h">
      <Filter>Header Files</Filter>
    </ClInclude>
    <ClInclude Include="TcpAcceptor.h">
      <Filter>Header Files</Filter>
    </ClInclude>
    <ClInclude Include="TcpConnection.h">
      <Filter>Header Files</Filter>
    </ClInclude>
    <ClInclude Include="TcpConnection_rch.h">
      <Filter>Header Files</Filter>
    </ClInclude>
    <ClInclude Include="TcpConnectionReplaceTask.h">
      <Filter>Header Files</Filter>
    </ClInclude>
    <ClInclude Include="TcpDataLink.h">
      <Filter>Header Files</Filter>
    </ClInclude>
    <ClInclude Include="TcpDataLink_rch.h">
      <Filter>Header Files</Filter>
    </ClInclude>
    <ClInclude Include="TcpInst.h">
      <Filter>Header Files</Filter>
    </ClInclude>
    <ClInclude Include="TcpInst_rch.h">
      <Filter>Header Files</Filter>
    </ClInclude>
    <ClInclude Include="TcpLoader.h">
      <Filter>Header Files</Filter>
    </ClInclude>
    <ClInclude Include="TcpReceiveStrategy.h">
      <Filter>Header Files</Filter>
    </ClInclude>
    <ClInclude Include="TcpReceiveStrategy_rch.h">
      <Filter>Header Files</Filter>
    </ClInclude>
    <ClInclude Include="TcpReconnectTask.h">
      <Filter>Header Files</Filter>
    </ClInclude>
    <ClInclude Include="TcpSendStrategy.h">
      <Filter>Header Files</Filter>
    </ClInclude>
    <ClInclude Include="TcpSendStrategy_rch.h">
      <Filter>Header Files</Filter>
    </ClInclude>
    <ClInclude Include="TcpSynchResource.h">
      <Filter>Header Files</Filter>
    </ClInclude>
    <ClInclude Include="TcpTransport.h">
      <Filter>Header Files</Filter>
    </ClInclude>
    <ClInclude Include="TcpTransport_rch.h">
      <Filter>Header Files</Filter>
    </ClInclude>
  </ItemGroup>
  <ItemGroup>
    <None Include="OpenDDS_Tcp.mpc">
      <Filter>Build Files</Filter>
    </None>
  </ItemGroup>
  <ItemGroup>
    <None Include="TcpConnection.inl">
      <Filter>Inline Files</Filter>
    </None>
    <None Include="TcpDataLink.inl">
      <Filter>Inline Files</Filter>
    </None>
    <None Include="TcpInst.inl">
      <Filter>Inline Files</Filter>
    </None>
    <None Include="TcpReceiveStrategy.inl">
      <Filter>Inline Files</Filter>
    </None>
  </ItemGroup>
  <ItemGroup>
    <ResourceCompile Include="Tcp.rc">
      <Filter>Resource Files</Filter>
    </ResourceCompile>
  </ItemGroup>
</Project>
