<?xml version="1.0" encoding="utf-8"?>
<Project ToolsVersion="4.0" xmlns="http://schemas.microsoft.com/developer/msbuild/2003">
  <ItemGroup>
    <Filter Include="Source Files">
      <UniqueIdentifier>{B1F27843-FECA-1BAD-889F-9C8EF6D97902}</UniqueIdentifier>
      <Extensions>cpp;cxx;cc;c;C</Extensions>
    </Filter>
    <Filter Include="Header Files">
      <UniqueIdentifier>{06319535-FECA-1BAD-889F-9C8EF6D97902}</UniqueIdentifier>
      <Extensions>h;hpp;hxx;hh</Extensions>
    </Filter>
    <Filter Include="Build Files">
      <UniqueIdentifier>{A1909F1C-FECA-1BAD-889F-9C8EF6D97902}</UniqueIdentifier>
      <Extensions>mpc;mpb;mwc</Extensions>
    </Filter>
    <Filter Include="Inline Files">
      <UniqueIdentifier>{763028EF-FECA-1BAD-889F-9C8EF6D97902}</UniqueIdentifier>
      <Extensions>i;ipp;inl</Extensions>
    </Filter>
  </ItemGroup>
  <ItemGroup>
    <ClCompile Include="Shmem.cpp">
      <Filter>Source Files</Filter>
    </ClCompile>
    <ClCompile Include="ShmemDataLink.cpp">
      <Filter>Source Files</Filter>
    </ClCompile>
    <ClCompile Include="ShmemInst.cpp">
      <Filter>Source Files</Filter>
    </ClCompile>
    <ClCompile Include="ShmemLoader.cpp">
      <Filter>Source Files</Filter>
    </ClCompile>
    <ClCompile Include="ShmemReceiveStrategy.cpp">
      <Filter>Source Files</Filter>
    </ClCompile>
    <ClCompile Include="ShmemSendStrategy.cpp">
      <Filter>Source Files</Filter>
    </ClCompile>
    <ClCompile Include="ShmemTransport.cpp">
      <Filter>Source Files</Filter>
    </ClCompile>
  </ItemGroup>
  <ItemGroup>
    <ClInclude Include="Shmem.h">
      <Filter>Header Files</Filter>
    </ClInclude>
    <ClInclude Include="Shmem_Export.h">
      <Filter>Header Files</Filter>
    </ClInclude>
    <ClInclude Include="ShmemDataLink.h">
      <Filter>Header Files</Filter>
    </ClInclude>
    <ClInclude Include="ShmemDataLink_rch.h">
      <Filter>Header Files</Filter>
    </ClInclude>
    <ClInclude Include="ShmemInst.h">
      <Filter>Header Files</Filter>
    </ClInclude>
    <ClInclude Include="ShmemInst_rch.h">
      <Filter>Header Files</Filter>
    </ClInclude>
    <ClInclude Include="ShmemLoader.h">
      <Filter>Header Files</Filter>
    </ClInclude>
    <ClInclude Include="ShmemReceiveStrategy.h">
      <Filter>Header Files</Filter>
    </ClInclude>
    <ClInclude Include="ShmemReceiveStrategy_rch.h">
      <Filter>Header Files</Filter>
    </ClInclude>
    <ClInclude Include="ShmemSendStrategy.h">
      <Filter>Header Files</Filter>
    </ClInclude>
    <ClInclude Include="ShmemSendStrategy_rch.h">
      <Filter>Header Files</Filter>
    </ClInclude>
    <ClInclude Include="ShmemTransport.h">
      <Filter>Header Files</Filter>
    </ClInclude>
  </ItemGroup>
  <ItemGroup>
    <None Include="OpenDDS_Shmem.mpc">
      <Filter>Build Files</Filter>
    </None>
  </ItemGroup>
  <ItemGroup>
    <None Include="ShmemDataLink.inl">
      <Filter>Inline Files</Filter>
    </None>
  </ItemGroup>
</Project>
