Microsoft Visual Studio Solution File, Format Version 8.00
#
# $Id: VC71WorkspaceCreator.pm 2035 2011-10-06 15:05:21Z johnnyw $
#
# This file was generated by MPC.  Any changes made directly to
# this file will be lost the next time it is generated.
#
# MPC Command:
# /tao_builds/schmitzj/tao-1_6_7/ACE_wrappers//bin/mwc.pl -type vc71 -hierarchy -static -name_modifier "*_Static" -apply_project DDS.mwc
Project("{8BC9CEB8-8B4A-11D0-8D11-00A0C91BC942}") = "OpenDDS_Multicast_Static", "multicast\OpenDDS_Multicast_Static.vcproj", "{AAF8DDF5-FECA-1BAD-40B4-D2ECA910A082}"
	ProjectSection(ProjectDependencies) = postProject
	EndProjectSection
EndProject
Project("{8BC9CEB8-8B4A-11D0-8D11-00A0C91BC942}") = "OpenDDS_Rtps_Udp_Static", "rtps_udp\OpenDDS_Rtps_Udp_Static.vcproj", "{42751E17-FECA-1BAD-A25C-5F2F9A557C5D}"
	ProjectSection(ProjectDependencies) = postProject
	EndProjectSection
EndProject
Project("{8BC9CEB8-8B4A-11D0-8D11-00A0C91BC942}") = "OpenDDS_Shmem_Static", "shmem\OpenDDS_Shmem_Static.vcproj", "{81B6BF3D-FECA-1BAD-889F-9C8EF6D97902}"
	ProjectSection(ProjectDependencies) = postProject
	EndProjectSection
EndProject
Project("{8BC9CEB8-8B4A-11D0-8D11-00A0C91BC942}") = "OpenDDS_Tcp_Static", "tcp\OpenDDS_Tcp_Static.vcproj", "{3F00445F-FECA-1BAD-EA21-2A753FF6DED2}"
	ProjectSection(ProjectDependencies) = postProject
	EndProjectSection
EndProject
Project("{8BC9CEB8-8B4A-11D0-8D11-00A0C91BC942}") = "OpenDDS_Udp_Static", "udp\OpenDDS_Udp_Static.vcproj", "{4F00445E-FECA-1BAD-EB51-2A753FF6DFA2}"
	ProjectSection(ProjectDependencies) = postProject
	EndProjectSection
EndProject
Global
	GlobalSection(SolutionConfiguration) = preSolution
		Debug = Debug
		Release = Release
	EndGlobalSection
	GlobalSection(ProjectConfiguration) = postSolution
		{AAF8DDF5-FECA-1BAD-40B4-D2ECA910A082}.Debug.ActiveCfg = Debug|Win32
		{AAF8DDF5-FECA-1BAD-40B4-D2ECA910A082}.Debug.Build.0 = Debug|Win32
		{AAF8DDF5-FECA-1BAD-40B4-D2ECA910A082}.Release.ActiveCfg = Release|Win32
		{AAF8DDF5-FECA-1BAD-40B4-D2ECA910A082}.Release.Build.0 = Release|Win32
		{42751E17-FECA-1BAD-A25C-5F2F9A557C5D}.Debug.ActiveCfg = Debug|Win32
		{42751E17-FECA-1BAD-A25C-5F2F9A557C5D}.Debug.Build.0 = Debug|Win32
		{42751E17-FECA-1BAD-A25C-5F2F9A557C5D}.Release.ActiveCfg = Release|Win32
		{42751E17-FECA-1BAD-A25C-5F2F9A557C5D}.Release.Build.0 = Release|Win32
		{81B6BF3D-FECA-1BAD-889F-9C8EF6D97902}.Debug.ActiveCfg = Debug|Win32
		{81B6BF3D-FECA-1BAD-889F-9C8EF6D97902}.Debug.Build.0 = Debug|Win32
		{81B6BF3D-FECA-1BAD-889F-9C8EF6D97902}.Release.ActiveCfg = Release|Win32
		{81B6BF3D-FECA-1BAD-889F-9C8EF6D97902}.Release.Build.0 = Release|Win32
		{3F00445F-FECA-1BAD-EA21-2A753FF6DED2}.Debug.ActiveCfg = Debug|Win32
		{3F00445F-FECA-1BAD-EA21-2A753FF6DED2}.Debug.Build.0 = Debug|Win32
		{3F00445F-FECA-1BAD-EA21-2A753FF6DED2}.Release.ActiveCfg = Release|Win32
		{3F00445F-FECA-1BAD-EA21-2A753FF6DED2}.Release.Build.0 = Release|Win32
		{4F00445E-FECA-1BAD-EB51-2A753FF6DFA2}.Debug.ActiveCfg = Debug|Win32
		{4F00445E-FECA-1BAD-EB51-2A753FF6DFA2}.Debug.Build.0 = Debug|Win32
		{4F00445E-FECA-1BAD-EB51-2A753FF6DFA2}.Release.ActiveCfg = Release|Win32
		{4F00445E-FECA-1BAD-EB51-2A753FF6DFA2}.Release.Build.0 = Release|Win32
	EndGlobalSection
	GlobalSection(ExtensibilityGlobals) = postSolution
	EndGlobalSection
	GlobalSection(ExtensibilityAddIns) = postSolution
	EndGlobalSection
EndGlobal
